// !$*UTF8*$!
{
	archiveVersion = 1;
	classes = {
	};
	objectVersion = 46;
	objects = {

/* Begin PBXBuildFile section */
		11C00C4C26050853BD37817F /* Pods_Calling_WorkflowUITests.framework in Frameworks */ = {isa = PBXBuildFile; fileRef = A369E1D74D0441007254753A /* Pods_Calling_WorkflowUITests.framework */; };
		4DFF0B012F18A560AA22D05B /* Pods_Calling_WorkflowTests.framework in Frameworks */ = {isa = PBXBuildFile; fileRef = 6399A4ED7D5B20399A8A9AED /* Pods_Calling_WorkflowTests.framework */; };
		C805CF88B38B4D3FD1CB8CCD /* Pods_Calling_Workflow.framework in Frameworks */ = {isa = PBXBuildFile; fileRef = DB169DA10194836DE771973A /* Pods_Calling_Workflow.framework */; };
		E80C9C1F1D99CC710073F6D9 /* GoogleService-Info.plist in Resources */ = {isa = PBXBuildFile; fileRef = E80C9C1E1D99CC710073F6D9 /* GoogleService-Info.plist */; };
		E80C9C261D9ED9E40073F6D9 /* Constants.swift in Sources */ = {isa = PBXBuildFile; fileRef = E80C9C201D9ED9E30073F6D9 /* Constants.swift */; };
		E80C9C271D9ED9E40073F6D9 /* JSON.swift in Sources */ = {isa = PBXBuildFile; fileRef = E80C9C211D9ED9E40073F6D9 /* JSON.swift */; };
		E80C9C281D9ED9E40073F6D9 /* Org.swift in Sources */ = {isa = PBXBuildFile; fileRef = E80C9C221D9ED9E40073F6D9 /* Org.swift */; };
		E80C9C291D9ED9E40073F6D9 /* OrgType.swift in Sources */ = {isa = PBXBuildFile; fileRef = E80C9C231D9ED9E40073F6D9 /* OrgType.swift */; };
		E80C9C2A1D9ED9E40073F6D9 /* Position.swift in Sources */ = {isa = PBXBuildFile; fileRef = E80C9C241D9ED9E40073F6D9 /* Position.swift */; };
		E80C9C2B1D9ED9E40073F6D9 /* RestAPI.swift in Sources */ = {isa = PBXBuildFile; fileRef = E80C9C251D9ED9E40073F6D9 /* RestAPI.swift */; };
		E80C9C2E1D9EDA230073F6D9 /* AppConfig.swift in Sources */ = {isa = PBXBuildFile; fileRef = E80C9C2D1D9EDA230073F6D9 /* AppConfig.swift */; };
		E80C9C301DA40B3F0073F6D9 /* RemoteDataSource.swift in Sources */ = {isa = PBXBuildFile; fileRef = E80C9C2F1DA40B3E0073F6D9 /* RemoteDataSource.swift */; };
		E80C9C321DB6D26C0073F6D9 /* CallingDataManager.swift in Sources */ = {isa = PBXBuildFile; fileRef = E80C9C311DB6D2690073F6D9 /* CallingDataManager.swift */; };
		E80C9C341DC410EB0073F6D9 /* Calling.swift in Sources */ = {isa = PBXBuildFile; fileRef = E80C9C331DC410EB0073F6D9 /* Calling.swift */; };
		E8512E711D92F2C600830E26 /* AppDelegate.swift in Sources */ = {isa = PBXBuildFile; fileRef = E8512E701D92F2C600830E26 /* AppDelegate.swift */; };
		E8512E731D92F2C600830E26 /* FirstViewController.swift in Sources */ = {isa = PBXBuildFile; fileRef = E8512E721D92F2C600830E26 /* FirstViewController.swift */; };
		E8512E751D92F2C600830E26 /* SecondViewController.swift in Sources */ = {isa = PBXBuildFile; fileRef = E8512E741D92F2C600830E26 /* SecondViewController.swift */; };
		E8512E781D92F2C600830E26 /* Main.storyboard in Resources */ = {isa = PBXBuildFile; fileRef = E8512E761D92F2C600830E26 /* Main.storyboard */; };
		E8512E7A1D92F2C600830E26 /* Assets.xcassets in Resources */ = {isa = PBXBuildFile; fileRef = E8512E791D92F2C600830E26 /* Assets.xcassets */; };
		E8512E7D1D92F2C600830E26 /* LaunchScreen.storyboard in Resources */ = {isa = PBXBuildFile; fileRef = E8512E7B1D92F2C600830E26 /* LaunchScreen.storyboard */; };
		E8512E881D92F2C700830E26 /* Calling_WorkflowTests.swift in Sources */ = {isa = PBXBuildFile; fileRef = E8512E871D92F2C700830E26 /* Calling_WorkflowTests.swift */; };
		E8512E931D92F2C700830E26 /* Calling_WorkflowUITests.swift in Sources */ = {isa = PBXBuildFile; fileRef = E8512E921D92F2C700830E26 /* Calling_WorkflowUITests.swift */; };
		E8512EA11D92F62A00830E26 /* GTMOAuth2ViewTouch.xib in Resources */ = {isa = PBXBuildFile; fileRef = E8512EA01D92F62A00830E26 /* GTMOAuth2ViewTouch.xib */; };
/* End PBXBuildFile section */

/* Begin PBXContainerItemProxy section */
		E8512E841D92F2C700830E26 /* PBXContainerItemProxy */ = {
			isa = PBXContainerItemProxy;
			containerPortal = E8512E651D92F2C600830E26 /* Project object */;
			proxyType = 1;
			remoteGlobalIDString = E8512E6C1D92F2C600830E26;
			remoteInfo = "Calling Workflow";
		};
		E8512E8F1D92F2C700830E26 /* PBXContainerItemProxy */ = {
			isa = PBXContainerItemProxy;
			containerPortal = E8512E651D92F2C600830E26 /* Project object */;
			proxyType = 1;
			remoteGlobalIDString = E8512E6C1D92F2C600830E26;
			remoteInfo = "Calling Workflow";
		};
/* End PBXContainerItemProxy section */

/* Begin PBXFileReference section */
		09D633BCCF58E53B7297CEDE /* Pods-Calling WorkflowTests.release.xcconfig */ = {isa = PBXFileReference; includeInIndex = 1; lastKnownFileType = text.xcconfig; name = "Pods-Calling WorkflowTests.release.xcconfig"; path = "Pods/Target Support Files/Pods-Calling WorkflowTests/Pods-Calling WorkflowTests.release.xcconfig"; sourceTree = "<group>"; };
		2EAA2EA772320F543C964155 /* Pods-Calling WorkflowTests.debug.xcconfig */ = {isa = PBXFileReference; includeInIndex = 1; lastKnownFileType = text.xcconfig; name = "Pods-Calling WorkflowTests.debug.xcconfig"; path = "Pods/Target Support Files/Pods-Calling WorkflowTests/Pods-Calling WorkflowTests.debug.xcconfig"; sourceTree = "<group>"; };
		44C50D4F0DBA4BC0B41B73E1 /* Pods-Calling Workflow.debug.xcconfig */ = {isa = PBXFileReference; includeInIndex = 1; lastKnownFileType = text.xcconfig; name = "Pods-Calling Workflow.debug.xcconfig"; path = "Pods/Target Support Files/Pods-Calling Workflow/Pods-Calling Workflow.debug.xcconfig"; sourceTree = "<group>"; };
		6399A4ED7D5B20399A8A9AED /* Pods_Calling_WorkflowTests.framework */ = {isa = PBXFileReference; explicitFileType = wrapper.framework; includeInIndex = 0; path = Pods_Calling_WorkflowTests.framework; sourceTree = BUILT_PRODUCTS_DIR; };
		6FED393542C884E150FD171F /* Pods-Calling WorkflowUITests.release.xcconfig */ = {isa = PBXFileReference; includeInIndex = 1; lastKnownFileType = text.xcconfig; name = "Pods-Calling WorkflowUITests.release.xcconfig"; path = "Pods/Target Support Files/Pods-Calling WorkflowUITests/Pods-Calling WorkflowUITests.release.xcconfig"; sourceTree = "<group>"; };
		A369E1D74D0441007254753A /* Pods_Calling_WorkflowUITests.framework */ = {isa = PBXFileReference; explicitFileType = wrapper.framework; includeInIndex = 0; path = Pods_Calling_WorkflowUITests.framework; sourceTree = BUILT_PRODUCTS_DIR; };
		C9D53372B08125FFD9B40EAB /* Pods-Calling WorkflowUITests.debug.xcconfig */ = {isa = PBXFileReference; includeInIndex = 1; lastKnownFileType = text.xcconfig; name = "Pods-Calling WorkflowUITests.debug.xcconfig"; path = "Pods/Target Support Files/Pods-Calling WorkflowUITests/Pods-Calling WorkflowUITests.debug.xcconfig"; sourceTree = "<group>"; };
		DB169DA10194836DE771973A /* Pods_Calling_Workflow.framework */ = {isa = PBXFileReference; explicitFileType = wrapper.framework; includeInIndex = 0; path = Pods_Calling_Workflow.framework; sourceTree = BUILT_PRODUCTS_DIR; };
		E7097721864E5897EFA2BEFD /* Pods-Calling Workflow.release.xcconfig */ = {isa = PBXFileReference; includeInIndex = 1; lastKnownFileType = text.xcconfig; name = "Pods-Calling Workflow.release.xcconfig"; path = "Pods/Target Support Files/Pods-Calling Workflow/Pods-Calling Workflow.release.xcconfig"; sourceTree = "<group>"; };
		E80C9C1E1D99CC710073F6D9 /* GoogleService-Info.plist */ = {isa = PBXFileReference; fileEncoding = 4; lastKnownFileType = text.plist.xml; path = "GoogleService-Info.plist"; sourceTree = "<group>"; };
		E80C9C201D9ED9E30073F6D9 /* Constants.swift */ = {isa = PBXFileReference; fileEncoding = 4; lastKnownFileType = sourcecode.swift; path = Constants.swift; sourceTree = "<group>"; };
		E80C9C211D9ED9E40073F6D9 /* JSON.swift */ = {isa = PBXFileReference; fileEncoding = 4; lastKnownFileType = sourcecode.swift; path = JSON.swift; sourceTree = "<group>"; };
		E80C9C221D9ED9E40073F6D9 /* Org.swift */ = {isa = PBXFileReference; fileEncoding = 4; lastKnownFileType = sourcecode.swift; path = Org.swift; sourceTree = "<group>"; };
		E80C9C231D9ED9E40073F6D9 /* OrgType.swift */ = {isa = PBXFileReference; fileEncoding = 4; lastKnownFileType = sourcecode.swift; path = OrgType.swift; sourceTree = "<group>"; };
		E80C9C241D9ED9E40073F6D9 /* Position.swift */ = {isa = PBXFileReference; fileEncoding = 4; lastKnownFileType = sourcecode.swift; path = Position.swift; sourceTree = "<group>"; };
		E80C9C251D9ED9E40073F6D9 /* RestAPI.swift */ = {isa = PBXFileReference; fileEncoding = 4; lastKnownFileType = sourcecode.swift; path = RestAPI.swift; sourceTree = "<group>"; };
		E80C9C2D1D9EDA230073F6D9 /* AppConfig.swift */ = {isa = PBXFileReference; fileEncoding = 4; lastKnownFileType = sourcecode.swift; path = AppConfig.swift; sourceTree = "<group>"; };
		E80C9C2F1DA40B3E0073F6D9 /* RemoteDataSource.swift */ = {isa = PBXFileReference; fileEncoding = 4; lastKnownFileType = sourcecode.swift; path = RemoteDataSource.swift; sourceTree = "<group>"; };
		E80C9C311DB6D2690073F6D9 /* CallingDataManager.swift */ = {isa = PBXFileReference; fileEncoding = 4; lastKnownFileType = sourcecode.swift; path = CallingDataManager.swift; sourceTree = "<group>"; };
		E80C9C331DC410EB0073F6D9 /* Calling.swift */ = {isa = PBXFileReference; fileEncoding = 4; lastKnownFileType = sourcecode.swift; path = Calling.swift; sourceTree = "<group>"; };
		E8512E6D1D92F2C600830E26 /* Calling Workflow.app */ = {isa = PBXFileReference; explicitFileType = wrapper.application; includeInIndex = 0; path = "Calling Workflow.app"; sourceTree = BUILT_PRODUCTS_DIR; };
		E8512E701D92F2C600830E26 /* AppDelegate.swift */ = {isa = PBXFileReference; lastKnownFileType = sourcecode.swift; path = AppDelegate.swift; sourceTree = "<group>"; };
		E8512E721D92F2C600830E26 /* FirstViewController.swift */ = {isa = PBXFileReference; lastKnownFileType = sourcecode.swift; path = FirstViewController.swift; sourceTree = "<group>"; };
		E8512E741D92F2C600830E26 /* SecondViewController.swift */ = {isa = PBXFileReference; lastKnownFileType = sourcecode.swift; path = SecondViewController.swift; sourceTree = "<group>"; };
		E8512E771D92F2C600830E26 /* Base */ = {isa = PBXFileReference; lastKnownFileType = file.storyboard; name = Base; path = Base.lproj/Main.storyboard; sourceTree = "<group>"; };
		E8512E791D92F2C600830E26 /* Assets.xcassets */ = {isa = PBXFileReference; lastKnownFileType = folder.assetcatalog; path = Assets.xcassets; sourceTree = "<group>"; };
		E8512E7C1D92F2C600830E26 /* Base */ = {isa = PBXFileReference; lastKnownFileType = file.storyboard; name = Base; path = Base.lproj/LaunchScreen.storyboard; sourceTree = "<group>"; };
		E8512E7E1D92F2C600830E26 /* Info.plist */ = {isa = PBXFileReference; lastKnownFileType = text.plist.xml; path = Info.plist; sourceTree = "<group>"; };
		E8512E831D92F2C700830E26 /* Calling WorkflowTests.xctest */ = {isa = PBXFileReference; explicitFileType = wrapper.cfbundle; includeInIndex = 0; path = "Calling WorkflowTests.xctest"; sourceTree = BUILT_PRODUCTS_DIR; };
		E8512E871D92F2C700830E26 /* Calling_WorkflowTests.swift */ = {isa = PBXFileReference; lastKnownFileType = sourcecode.swift; path = Calling_WorkflowTests.swift; sourceTree = "<group>"; };
		E8512E891D92F2C700830E26 /* Info.plist */ = {isa = PBXFileReference; lastKnownFileType = text.plist.xml; path = Info.plist; sourceTree = "<group>"; };
		E8512E8E1D92F2C700830E26 /* Calling WorkflowUITests.xctest */ = {isa = PBXFileReference; explicitFileType = wrapper.cfbundle; includeInIndex = 0; path = "Calling WorkflowUITests.xctest"; sourceTree = BUILT_PRODUCTS_DIR; };
		E8512E921D92F2C700830E26 /* Calling_WorkflowUITests.swift */ = {isa = PBXFileReference; lastKnownFileType = sourcecode.swift; path = Calling_WorkflowUITests.swift; sourceTree = "<group>"; };
		E8512E941D92F2C700830E26 /* Info.plist */ = {isa = PBXFileReference; lastKnownFileType = text.plist.xml; path = Info.plist; sourceTree = "<group>"; };
		E8512EA01D92F62A00830E26 /* GTMOAuth2ViewTouch.xib */ = {isa = PBXFileReference; fileEncoding = 4; lastKnownFileType = file.xib; name = GTMOAuth2ViewTouch.xib; path = Pods/GTMOAuth2/Source/Touch/GTMOAuth2ViewTouch.xib; sourceTree = "<group>"; };
/* End PBXFileReference section */

/* Begin PBXFrameworksBuildPhase section */
		E8512E6A1D92F2C600830E26 /* Frameworks */ = {
			isa = PBXFrameworksBuildPhase;
			buildActionMask = 2147483647;
			files = (
				C805CF88B38B4D3FD1CB8CCD /* Pods_Calling_Workflow.framework in Frameworks */,
			);
			runOnlyForDeploymentPostprocessing = 0;
		};
		E8512E801D92F2C700830E26 /* Frameworks */ = {
			isa = PBXFrameworksBuildPhase;
			buildActionMask = 2147483647;
			files = (
				4DFF0B012F18A560AA22D05B /* Pods_Calling_WorkflowTests.framework in Frameworks */,
			);
			runOnlyForDeploymentPostprocessing = 0;
		};
		E8512E8B1D92F2C700830E26 /* Frameworks */ = {
			isa = PBXFrameworksBuildPhase;
			buildActionMask = 2147483647;
			files = (
				11C00C4C26050853BD37817F /* Pods_Calling_WorkflowUITests.framework in Frameworks */,
			);
			runOnlyForDeploymentPostprocessing = 0;
		};
/* End PBXFrameworksBuildPhase section */

/* Begin PBXGroup section */
		24122174C4F8805D6FF3FF16 /* Frameworks */ = {
			isa = PBXGroup;
			children = (
				DB169DA10194836DE771973A /* Pods_Calling_Workflow.framework */,
				6399A4ED7D5B20399A8A9AED /* Pods_Calling_WorkflowTests.framework */,
				A369E1D74D0441007254753A /* Pods_Calling_WorkflowUITests.framework */,
			);
			name = Frameworks;
			sourceTree = "<group>";
		};
		653BFA4CDF0E7C004D003659 /* Pods */ = {
			isa = PBXGroup;
			children = (
				44C50D4F0DBA4BC0B41B73E1 /* Pods-Calling Workflow.debug.xcconfig */,
				E7097721864E5897EFA2BEFD /* Pods-Calling Workflow.release.xcconfig */,
				2EAA2EA772320F543C964155 /* Pods-Calling WorkflowTests.debug.xcconfig */,
				09D633BCCF58E53B7297CEDE /* Pods-Calling WorkflowTests.release.xcconfig */,
				C9D53372B08125FFD9B40EAB /* Pods-Calling WorkflowUITests.debug.xcconfig */,
				6FED393542C884E150FD171F /* Pods-Calling WorkflowUITests.release.xcconfig */,
			);
			name = Pods;
			sourceTree = "<group>";
		};
		E80C9C2C1D9ED9F90073F6D9 /* model */ = {
			isa = PBXGroup;
			children = (
				E80C9C2D1D9EDA230073F6D9 /* AppConfig.swift */,
				E80C9C221D9ED9E40073F6D9 /* Org.swift */,
				E80C9C231D9ED9E40073F6D9 /* OrgType.swift */,
				E80C9C241D9ED9E40073F6D9 /* Position.swift */,
				E80C9C2F1DA40B3E0073F6D9 /* RemoteDataSource.swift */,
				E80C9C311DB6D2690073F6D9 /* CallingDataManager.swift */,
				E80C9C331DC410EB0073F6D9 /* Calling.swift */,
			);
			name = model;
			sourceTree = "<group>";
		};
		E8512E641D92F2C600830E26 = {
			isa = PBXGroup;
			children = (
				E8512EA01D92F62A00830E26 /* GTMOAuth2ViewTouch.xib */,
				E8512E6F1D92F2C600830E26 /* Calling Workflow */,
				E8512E861D92F2C700830E26 /* Calling WorkflowTests */,
				E8512E911D92F2C700830E26 /* Calling WorkflowUITests */,
				E8512E6E1D92F2C600830E26 /* Products */,
				653BFA4CDF0E7C004D003659 /* Pods */,
				24122174C4F8805D6FF3FF16 /* Frameworks */,
			);
			sourceTree = "<group>";
		};
		E8512E6E1D92F2C600830E26 /* Products */ = {
			isa = PBXGroup;
			children = (
				E8512E6D1D92F2C600830E26 /* Calling Workflow.app */,
				E8512E831D92F2C700830E26 /* Calling WorkflowTests.xctest */,
				E8512E8E1D92F2C700830E26 /* Calling WorkflowUITests.xctest */,
			);
			name = Products;
			sourceTree = "<group>";
		};
		E8512E6F1D92F2C600830E26 /* Calling Workflow */ = {
			isa = PBXGroup;
			children = (
				E80C9C201D9ED9E30073F6D9 /* Constants.swift */,
				E80C9C211D9ED9E40073F6D9 /* JSON.swift */,
				E80C9C2C1D9ED9F90073F6D9 /* model */,
				E80C9C251D9ED9E40073F6D9 /* RestAPI.swift */,
				E80C9C1E1D99CC710073F6D9 /* GoogleService-Info.plist */,
				E8512E701D92F2C600830E26 /* AppDelegate.swift */,
				E8512E721D92F2C600830E26 /* FirstViewController.swift */,
				E8512E741D92F2C600830E26 /* SecondViewController.swift */,
				E8512E761D92F2C600830E26 /* Main.storyboard */,
				E8512E791D92F2C600830E26 /* Assets.xcassets */,
				E8512E7B1D92F2C600830E26 /* LaunchScreen.storyboard */,
				E8512E7E1D92F2C600830E26 /* Info.plist */,
			);
			path = "Calling Workflow";
			sourceTree = "<group>";
		};
		E8512E861D92F2C700830E26 /* Calling WorkflowTests */ = {
			isa = PBXGroup;
			children = (
				E8512E871D92F2C700830E26 /* Calling_WorkflowTests.swift */,
				E8512E891D92F2C700830E26 /* Info.plist */,
			);
			path = "Calling WorkflowTests";
			sourceTree = "<group>";
		};
		E8512E911D92F2C700830E26 /* Calling WorkflowUITests */ = {
			isa = PBXGroup;
			children = (
				E8512E921D92F2C700830E26 /* Calling_WorkflowUITests.swift */,
				E8512E941D92F2C700830E26 /* Info.plist */,
			);
			path = "Calling WorkflowUITests";
			sourceTree = "<group>";
		};
/* End PBXGroup section */

/* Begin PBXNativeTarget section */
		E8512E6C1D92F2C600830E26 /* Calling Workflow */ = {
			isa = PBXNativeTarget;
			buildConfigurationList = E8512E971D92F2C700830E26 /* Build configuration list for PBXNativeTarget "Calling Workflow" */;
			buildPhases = (
				1B6741366FA977E7B126E2ED /* [CP] Check Pods Manifest.lock */,
				E8512E691D92F2C600830E26 /* Sources */,
				E8512E6A1D92F2C600830E26 /* Frameworks */,
				E8512E6B1D92F2C600830E26 /* Resources */,
				551555D6641887EC8FB71B5B /* [CP] Embed Pods Frameworks */,
				3826C21601751F7A033BF8C2 /* [CP] Copy Pods Resources */,
			);
			buildRules = (
			);
			dependencies = (
			);
			name = "Calling Workflow";
			productName = "Calling Workflow";
			productReference = E8512E6D1D92F2C600830E26 /* Calling Workflow.app */;
			productType = "com.apple.product-type.application";
		};
		E8512E821D92F2C700830E26 /* Calling WorkflowTests */ = {
			isa = PBXNativeTarget;
			buildConfigurationList = E8512E9A1D92F2C700830E26 /* Build configuration list for PBXNativeTarget "Calling WorkflowTests" */;
			buildPhases = (
				19CCE9C0EBB123774084B927 /* [CP] Check Pods Manifest.lock */,
				E8512E7F1D92F2C700830E26 /* Sources */,
				E8512E801D92F2C700830E26 /* Frameworks */,
				E8512E811D92F2C700830E26 /* Resources */,
				925B3AC0215C533E951300C5 /* [CP] Embed Pods Frameworks */,
				96E4A475CD8478960FD59528 /* [CP] Copy Pods Resources */,
			);
			buildRules = (
			);
			dependencies = (
				E8512E851D92F2C700830E26 /* PBXTargetDependency */,
			);
			name = "Calling WorkflowTests";
			productName = "Calling WorkflowTests";
			productReference = E8512E831D92F2C700830E26 /* Calling WorkflowTests.xctest */;
			productType = "com.apple.product-type.bundle.unit-test";
		};
		E8512E8D1D92F2C700830E26 /* Calling WorkflowUITests */ = {
			isa = PBXNativeTarget;
			buildConfigurationList = E8512E9D1D92F2C700830E26 /* Build configuration list for PBXNativeTarget "Calling WorkflowUITests" */;
			buildPhases = (
				9D93517423135CCD5659D33D /* [CP] Check Pods Manifest.lock */,
				E8512E8A1D92F2C700830E26 /* Sources */,
				E8512E8B1D92F2C700830E26 /* Frameworks */,
				E8512E8C1D92F2C700830E26 /* Resources */,
				6C9ADED0005DF0C4E6E4C73C /* [CP] Copy Pods Resources */,
			);
			buildRules = (
			);
			dependencies = (
				E8512E901D92F2C700830E26 /* PBXTargetDependency */,
			);
			name = "Calling WorkflowUITests";
			productName = "Calling WorkflowUITests";
			productReference = E8512E8E1D92F2C700830E26 /* Calling WorkflowUITests.xctest */;
			productType = "com.apple.product-type.bundle.ui-testing";
		};
/* End PBXNativeTarget section */

/* Begin PBXProject section */
		E8512E651D92F2C600830E26 /* Project object */ = {
			isa = PBXProject;
			attributes = {
				LastSwiftUpdateCheck = 0800;
				LastUpgradeCheck = 0800;
				ORGANIZATIONNAME = LDSCD;
				TargetAttributes = {
					E8512E6C1D92F2C600830E26 = {
						CreatedOnToolsVersion = 8.0;
						DevelopmentTeam = 75DK5N8LHP;
						ProvisioningStyle = Automatic;
					};
					E8512E821D92F2C700830E26 = {
						CreatedOnToolsVersion = 8.0;
						DevelopmentTeam = 75DK5N8LHP;
						ProvisioningStyle = Automatic;
						TestTargetID = E8512E6C1D92F2C600830E26;
					};
					E8512E8D1D92F2C700830E26 = {
						CreatedOnToolsVersion = 8.0;
						DevelopmentTeam = 75DK5N8LHP;
						ProvisioningStyle = Automatic;
						TestTargetID = E8512E6C1D92F2C600830E26;
					};
				};
			};
			buildConfigurationList = E8512E681D92F2C600830E26 /* Build configuration list for PBXProject "Calling Workflow" */;
			compatibilityVersion = "Xcode 3.2";
			developmentRegion = English;
			hasScannedForEncodings = 0;
			knownRegions = (
				en,
				Base,
			);
			mainGroup = E8512E641D92F2C600830E26;
			productRefGroup = E8512E6E1D92F2C600830E26 /* Products */;
			projectDirPath = "";
			projectRoot = "";
			targets = (
				E8512E6C1D92F2C600830E26 /* Calling Workflow */,
				E8512E821D92F2C700830E26 /* Calling WorkflowTests */,
				E8512E8D1D92F2C700830E26 /* Calling WorkflowUITests */,
			);
		};
/* End PBXProject section */

/* Begin PBXResourcesBuildPhase section */
		E8512E6B1D92F2C600830E26 /* Resources */ = {
			isa = PBXResourcesBuildPhase;
			buildActionMask = 2147483647;
			files = (
				E8512EA11D92F62A00830E26 /* GTMOAuth2ViewTouch.xib in Resources */,
				E8512E7D1D92F2C600830E26 /* LaunchScreen.storyboard in Resources */,
				E80C9C1F1D99CC710073F6D9 /* GoogleService-Info.plist in Resources */,
				E8512E7A1D92F2C600830E26 /* Assets.xcassets in Resources */,
				E8512E781D92F2C600830E26 /* Main.storyboard in Resources */,
			);
			runOnlyForDeploymentPostprocessing = 0;
		};
		E8512E811D92F2C700830E26 /* Resources */ = {
			isa = PBXResourcesBuildPhase;
			buildActionMask = 2147483647;
			files = (
			);
			runOnlyForDeploymentPostprocessing = 0;
		};
		E8512E8C1D92F2C700830E26 /* Resources */ = {
			isa = PBXResourcesBuildPhase;
			buildActionMask = 2147483647;
			files = (
			);
			runOnlyForDeploymentPostprocessing = 0;
		};
/* End PBXResourcesBuildPhase section */

/* Begin PBXShellScriptBuildPhase section */
		19CCE9C0EBB123774084B927 /* [CP] Check Pods Manifest.lock */ = {
			isa = PBXShellScriptBuildPhase;
			buildActionMask = 2147483647;
			files = (
			);
			inputPaths = (
			);
			name = "[CP] Check Pods Manifest.lock";
			outputPaths = (
			);
			runOnlyForDeploymentPostprocessing = 0;
			shellPath = /bin/sh;
			shellScript = "diff \"${PODS_ROOT}/../Podfile.lock\" \"${PODS_ROOT}/Manifest.lock\" > /dev/null\nif [[ $? != 0 ]] ; then\n    cat << EOM\nerror: The sandbox is not in sync with the Podfile.lock. Run 'pod install' or update your CocoaPods installation.\nEOM\n    exit 1\nfi\n";
			showEnvVarsInLog = 0;
		};
		1B6741366FA977E7B126E2ED /* [CP] Check Pods Manifest.lock */ = {
			isa = PBXShellScriptBuildPhase;
			buildActionMask = 2147483647;
			files = (
			);
			inputPaths = (
			);
			name = "[CP] Check Pods Manifest.lock";
			outputPaths = (
			);
			runOnlyForDeploymentPostprocessing = 0;
			shellPath = /bin/sh;
			shellScript = "diff \"${PODS_ROOT}/../Podfile.lock\" \"${PODS_ROOT}/Manifest.lock\" > /dev/null\nif [[ $? != 0 ]] ; then\n    cat << EOM\nerror: The sandbox is not in sync with the Podfile.lock. Run 'pod install' or update your CocoaPods installation.\nEOM\n    exit 1\nfi\n";
			showEnvVarsInLog = 0;
		};
		3826C21601751F7A033BF8C2 /* [CP] Copy Pods Resources */ = {
			isa = PBXShellScriptBuildPhase;
			buildActionMask = 2147483647;
			files = (
			);
			inputPaths = (
			);
			name = "[CP] Copy Pods Resources";
			outputPaths = (
			);
			runOnlyForDeploymentPostprocessing = 0;
			shellPath = /bin/sh;
			shellScript = "\"${SRCROOT}/Pods/Target Support Files/Pods-Calling Workflow/Pods-Calling Workflow-resources.sh\"\n";
			showEnvVarsInLog = 0;
		};
		551555D6641887EC8FB71B5B /* [CP] Embed Pods Frameworks */ = {
			isa = PBXShellScriptBuildPhase;
			buildActionMask = 2147483647;
			files = (
			);
			inputPaths = (
			);
			name = "[CP] Embed Pods Frameworks";
			outputPaths = (
			);
			runOnlyForDeploymentPostprocessing = 0;
			shellPath = /bin/sh;
			shellScript = "\"${SRCROOT}/Pods/Target Support Files/Pods-Calling Workflow/Pods-Calling Workflow-frameworks.sh\"\n";
			showEnvVarsInLog = 0;
		};
		6C9ADED0005DF0C4E6E4C73C /* [CP] Copy Pods Resources */ = {
			isa = PBXShellScriptBuildPhase;
			buildActionMask = 2147483647;
			files = (
			);
			inputPaths = (
			);
			name = "[CP] Copy Pods Resources";
			outputPaths = (
			);
			runOnlyForDeploymentPostprocessing = 0;
			shellPath = /bin/sh;
			shellScript = "\"${SRCROOT}/Pods/Target Support Files/Pods-Calling WorkflowUITests/Pods-Calling WorkflowUITests-resources.sh\"\n";
			showEnvVarsInLog = 0;
		};
		925B3AC0215C533E951300C5 /* [CP] Embed Pods Frameworks */ = {
			isa = PBXShellScriptBuildPhase;
			buildActionMask = 2147483647;
			files = (
			);
			inputPaths = (
			);
			name = "[CP] Embed Pods Frameworks";
			outputPaths = (
			);
			runOnlyForDeploymentPostprocessing = 0;
			shellPath = /bin/sh;
			shellScript = "\"${SRCROOT}/Pods/Target Support Files/Pods-Calling WorkflowTests/Pods-Calling WorkflowTests-frameworks.sh\"\n";
			showEnvVarsInLog = 0;
		};
		96E4A475CD8478960FD59528 /* [CP] Copy Pods Resources */ = {
			isa = PBXShellScriptBuildPhase;
			buildActionMask = 2147483647;
			files = (
			);
			inputPaths = (
			);
			name = "[CP] Copy Pods Resources";
			outputPaths = (
			);
			runOnlyForDeploymentPostprocessing = 0;
			shellPath = /bin/sh;
			shellScript = "\"${SRCROOT}/Pods/Target Support Files/Pods-Calling WorkflowTests/Pods-Calling WorkflowTests-resources.sh\"\n";
			showEnvVarsInLog = 0;
		};
		9D93517423135CCD5659D33D /* [CP] Check Pods Manifest.lock */ = {
			isa = PBXShellScriptBuildPhase;
			buildActionMask = 2147483647;
			files = (
			);
			inputPaths = (
			);
			name = "[CP] Check Pods Manifest.lock";
			outputPaths = (
			);
			runOnlyForDeploymentPostprocessing = 0;
			shellPath = /bin/sh;
			shellScript = "diff \"${PODS_ROOT}/../Podfile.lock\" \"${PODS_ROOT}/Manifest.lock\" > /dev/null\nif [[ $? != 0 ]] ; then\n    cat << EOM\nerror: The sandbox is not in sync with the Podfile.lock. Run 'pod install' or update your CocoaPods installation.\nEOM\n    exit 1\nfi\n";
			showEnvVarsInLog = 0;
		};
/* End PBXShellScriptBuildPhase section */

/* Begin PBXSourcesBuildPhase section */
		E8512E691D92F2C600830E26 /* Sources */ = {
			isa = PBXSourcesBuildPhase;
			buildActionMask = 2147483647;
			files = (
				E8512E751D92F2C600830E26 /* SecondViewController.swift in Sources */,
				E80C9C2E1D9EDA230073F6D9 /* AppConfig.swift in Sources */,
				E80C9C321DB6D26C0073F6D9 /* CallingDataManager.swift in Sources */,
				E80C9C301DA40B3F0073F6D9 /* RemoteDataSource.swift in Sources */,
				E80C9C271D9ED9E40073F6D9 /* JSON.swift in Sources */,
				E80C9C281D9ED9E40073F6D9 /* Org.swift in Sources */,
				E80C9C2B1D9ED9E40073F6D9 /* RestAPI.swift in Sources */,
				E8512E711D92F2C600830E26 /* AppDelegate.swift in Sources */,
				E80C9C341DC410EB0073F6D9 /* Calling.swift in Sources */,
				E80C9C291D9ED9E40073F6D9 /* OrgType.swift in Sources */,
				E8512E731D92F2C600830E26 /* FirstViewController.swift in Sources */,
				E80C9C2A1D9ED9E40073F6D9 /* Position.swift in Sources */,
				E80C9C261D9ED9E40073F6D9 /* Constants.swift in Sources */,
			);
			runOnlyForDeploymentPostprocessing = 0;
		};
		E8512E7F1D92F2C700830E26 /* Sources */ = {
			isa = PBXSourcesBuildPhase;
			buildActionMask = 2147483647;
			files = (
				E8512E881D92F2C700830E26 /* Calling_WorkflowTests.swift in Sources */,
			);
			runOnlyForDeploymentPostprocessing = 0;
		};
		E8512E8A1D92F2C700830E26 /* Sources */ = {
			isa = PBXSourcesBuildPhase;
			buildActionMask = 2147483647;
			files = (
				E8512E931D92F2C700830E26 /* Calling_WorkflowUITests.swift in Sources */,
			);
			runOnlyForDeploymentPostprocessing = 0;
		};
/* End PBXSourcesBuildPhase section */

/* Begin PBXTargetDependency section */
		E8512E851D92F2C700830E26 /* PBXTargetDependency */ = {
			isa = PBXTargetDependency;
			target = E8512E6C1D92F2C600830E26 /* Calling Workflow */;
			targetProxy = E8512E841D92F2C700830E26 /* PBXContainerItemProxy */;
		};
		E8512E901D92F2C700830E26 /* PBXTargetDependency */ = {
			isa = PBXTargetDependency;
			target = E8512E6C1D92F2C600830E26 /* Calling Workflow */;
			targetProxy = E8512E8F1D92F2C700830E26 /* PBXContainerItemProxy */;
		};
/* End PBXTargetDependency section */

/* Begin PBXVariantGroup section */
		E8512E761D92F2C600830E26 /* Main.storyboard */ = {
			isa = PBXVariantGroup;
			children = (
				E8512E771D92F2C600830E26 /* Base */,
			);
			name = Main.storyboard;
			sourceTree = "<group>";
		};
		E8512E7B1D92F2C600830E26 /* LaunchScreen.storyboard */ = {
			isa = PBXVariantGroup;
			children = (
				E8512E7C1D92F2C600830E26 /* Base */,
			);
			name = LaunchScreen.storyboard;
			sourceTree = "<group>";
		};
/* End PBXVariantGroup section */

/* Begin XCBuildConfiguration section */
		E8512E951D92F2C700830E26 /* Debug */ = {
			isa = XCBuildConfiguration;
			buildSettings = {
				ALWAYS_SEARCH_USER_PATHS = NO;
				CLANG_ANALYZER_NONNULL = YES;
				CLANG_CXX_LANGUAGE_STANDARD = "gnu++0x";
				CLANG_CXX_LIBRARY = "libc++";
				CLANG_ENABLE_MODULES = YES;
				CLANG_ENABLE_OBJC_ARC = YES;
				CLANG_WARN_BOOL_CONVERSION = YES;
				CLANG_WARN_CONSTANT_CONVERSION = YES;
				CLANG_WARN_DIRECT_OBJC_ISA_USAGE = YES_ERROR;
				CLANG_WARN_DOCUMENTATION_COMMENTS = YES;
				CLANG_WARN_EMPTY_BODY = YES;
				CLANG_WARN_ENUM_CONVERSION = YES;
				CLANG_WARN_INFINITE_RECURSION = YES;
				CLANG_WARN_INT_CONVERSION = YES;
				CLANG_WARN_OBJC_ROOT_CLASS = YES_ERROR;
				CLANG_WARN_SUSPICIOUS_MOVE = YES;
				CLANG_WARN_SUSPICIOUS_MOVES = YES;
				CLANG_WARN_UNREACHABLE_CODE = YES;
				CLANG_WARN__DUPLICATE_METHOD_MATCH = YES;
				"CODE_SIGN_IDENTITY[sdk=iphoneos*]" = "iPhone Developer";
				COPY_PHASE_STRIP = NO;
				DEBUG_INFORMATION_FORMAT = dwarf;
				ENABLE_STRICT_OBJC_MSGSEND = YES;
				ENABLE_TESTABILITY = YES;
				GCC_C_LANGUAGE_STANDARD = gnu99;
				GCC_DYNAMIC_NO_PIC = NO;
				GCC_NO_COMMON_BLOCKS = YES;
				GCC_OPTIMIZATION_LEVEL = 0;
				GCC_PREPROCESSOR_DEFINITIONS = (
					"DEBUG=1",
					"$(inherited)",
				);
				GCC_WARN_64_TO_32_BIT_CONVERSION = YES;
				GCC_WARN_ABOUT_RETURN_TYPE = YES_ERROR;
				GCC_WARN_UNDECLARED_SELECTOR = YES;
				GCC_WARN_UNINITIALIZED_AUTOS = YES_AGGRESSIVE;
				GCC_WARN_UNUSED_FUNCTION = YES;
				GCC_WARN_UNUSED_VARIABLE = YES;
				IPHONEOS_DEPLOYMENT_TARGET = 10.0;
				MTL_ENABLE_DEBUG_INFO = YES;
				ONLY_ACTIVE_ARCH = YES;
				SDKROOT = iphoneos;
				SWIFT_ACTIVE_COMPILATION_CONDITIONS = DEBUG;
				SWIFT_OPTIMIZATION_LEVEL = "-Onone";
				TARGETED_DEVICE_FAMILY = "1,2";
			};
			name = Debug;
		};
		E8512E961D92F2C700830E26 /* Release */ = {
			isa = XCBuildConfiguration;
			buildSettings = {
				ALWAYS_SEARCH_USER_PATHS = NO;
				CLANG_ANALYZER_NONNULL = YES;
				CLANG_CXX_LANGUAGE_STANDARD = "gnu++0x";
				CLANG_CXX_LIBRARY = "libc++";
				CLANG_ENABLE_MODULES = YES;
				CLANG_ENABLE_OBJC_ARC = YES;
				CLANG_WARN_BOOL_CONVERSION = YES;
				CLANG_WARN_CONSTANT_CONVERSION = YES;
				CLANG_WARN_DIRECT_OBJC_ISA_USAGE = YES_ERROR;
				CLANG_WARN_DOCUMENTATION_COMMENTS = YES;
				CLANG_WARN_EMPTY_BODY = YES;
				CLANG_WARN_ENUM_CONVERSION = YES;
				CLANG_WARN_INFINITE_RECURSION = YES;
				CLANG_WARN_INT_CONVERSION = YES;
				CLANG_WARN_OBJC_ROOT_CLASS = YES_ERROR;
				CLANG_WARN_SUSPICIOUS_MOVE = YES;
				CLANG_WARN_SUSPICIOUS_MOVES = YES;
				CLANG_WARN_UNREACHABLE_CODE = YES;
				CLANG_WARN__DUPLICATE_METHOD_MATCH = YES;
				"CODE_SIGN_IDENTITY[sdk=iphoneos*]" = "iPhone Developer";
				COPY_PHASE_STRIP = NO;
				DEBUG_INFORMATION_FORMAT = "dwarf-with-dsym";
				ENABLE_NS_ASSERTIONS = NO;
				ENABLE_STRICT_OBJC_MSGSEND = YES;
				GCC_C_LANGUAGE_STANDARD = gnu99;
				GCC_NO_COMMON_BLOCKS = YES;
				GCC_WARN_64_TO_32_BIT_CONVERSION = YES;
				GCC_WARN_ABOUT_RETURN_TYPE = YES_ERROR;
				GCC_WARN_UNDECLARED_SELECTOR = YES;
				GCC_WARN_UNINITIALIZED_AUTOS = YES_AGGRESSIVE;
				GCC_WARN_UNUSED_FUNCTION = YES;
				GCC_WARN_UNUSED_VARIABLE = YES;
				IPHONEOS_DEPLOYMENT_TARGET = 10.0;
				MTL_ENABLE_DEBUG_INFO = NO;
				SDKROOT = iphoneos;
				SWIFT_OPTIMIZATION_LEVEL = "-Owholemodule";
				TARGETED_DEVICE_FAMILY = "1,2";
				VALIDATE_PRODUCT = YES;
			};
			name = Release;
		};
		E8512E981D92F2C700830E26 /* Debug */ = {
			isa = XCBuildConfiguration;
			baseConfigurationReference = 44C50D4F0DBA4BC0B41B73E1 /* Pods-Calling Workflow.debug.xcconfig */;
			buildSettings = {
				ASSETCATALOG_COMPILER_APPICON_NAME = AppIcon;
				DEVELOPMENT_TEAM = 75DK5N8LHP;
				INFOPLIST_FILE = "Calling Workflow/Info.plist";
				LD_RUNPATH_SEARCH_PATHS = "$(inherited) @executable_path/Frameworks";
				PRODUCT_BUNDLE_IDENTIFIER = "org.ldscd.Calling-Workflow";
				PRODUCT_NAME = "$(TARGET_NAME)";
				SWIFT_VERSION = 3.0;
			};
			name = Debug;
		};
		E8512E991D92F2C700830E26 /* Release */ = {
			isa = XCBuildConfiguration;
			baseConfigurationReference = E7097721864E5897EFA2BEFD /* Pods-Calling Workflow.release.xcconfig */;
			buildSettings = {
				ASSETCATALOG_COMPILER_APPICON_NAME = AppIcon;
				DEVELOPMENT_TEAM = 75DK5N8LHP;
				INFOPLIST_FILE = "Calling Workflow/Info.plist";
				LD_RUNPATH_SEARCH_PATHS = "$(inherited) @executable_path/Frameworks";
				PRODUCT_BUNDLE_IDENTIFIER = "org.ldscd.Calling-Workflow";
				PRODUCT_NAME = "$(TARGET_NAME)";
				SWIFT_VERSION = 3.0;
			};
			name = Release;
		};
		E8512E9B1D92F2C700830E26 /* Debug */ = {
			isa = XCBuildConfiguration;
			baseConfigurationReference = 2EAA2EA772320F543C964155 /* Pods-Calling WorkflowTests.debug.xcconfig */;
			buildSettings = {
				ALWAYS_EMBED_SWIFT_STANDARD_LIBRARIES = YES;
				BUNDLE_LOADER = "$(TEST_HOST)";
				DEVELOPMENT_TEAM = 75DK5N8LHP;
				INFOPLIST_FILE = "Calling WorkflowTests/Info.plist";
				LD_RUNPATH_SEARCH_PATHS = "$(inherited) @executable_path/Frameworks @loader_path/Frameworks";
				PRODUCT_BUNDLE_IDENTIFIER = "org.ldscd.Calling-WorkflowTests";
				PRODUCT_NAME = "$(TARGET_NAME)";
				SWIFT_VERSION = 3.0;
				TEST_HOST = "$(BUILT_PRODUCTS_DIR)/Calling Workflow.app/Calling Workflow";
			};
			name = Debug;
		};
		E8512E9C1D92F2C700830E26 /* Release */ = {
			isa = XCBuildConfiguration;
			baseConfigurationReference = 09D633BCCF58E53B7297CEDE /* Pods-Calling WorkflowTests.release.xcconfig */;
			buildSettings = {
				ALWAYS_EMBED_SWIFT_STANDARD_LIBRARIES = YES;
				BUNDLE_LOADER = "$(TEST_HOST)";
				DEVELOPMENT_TEAM = 75DK5N8LHP;
				INFOPLIST_FILE = "Calling WorkflowTests/Info.plist";
				LD_RUNPATH_SEARCH_PATHS = "$(inherited) @executable_path/Frameworks @loader_path/Frameworks";
				PRODUCT_BUNDLE_IDENTIFIER = "org.ldscd.Calling-WorkflowTests";
				PRODUCT_NAME = "$(TARGET_NAME)";
				SWIFT_VERSION = 3.0;
				TEST_HOST = "$(BUILT_PRODUCTS_DIR)/Calling Workflow.app/Calling Workflow";
			};
			name = Release;
		};
		E8512E9E1D92F2C700830E26 /* Debug */ = {
			isa = XCBuildConfiguration;
			baseConfigurationReference = C9D53372B08125FFD9B40EAB /* Pods-Calling WorkflowUITests.debug.xcconfig */;
			buildSettings = {
				ALWAYS_EMBED_SWIFT_STANDARD_LIBRARIES = YES;
				DEVELOPMENT_TEAM = 75DK5N8LHP;
				INFOPLIST_FILE = "Calling WorkflowUITests/Info.plist";
				LD_RUNPATH_SEARCH_PATHS = "$(inherited) @executable_path/Frameworks @loader_path/Frameworks";
				PRODUCT_BUNDLE_IDENTIFIER = "org.ldscd.Calling-WorkflowUITests";
				PRODUCT_NAME = "$(TARGET_NAME)";
				SWIFT_VERSION = 3.0;
				TEST_TARGET_NAME = "Calling Workflow";
			};
			name = Debug;
		};
		E8512E9F1D92F2C700830E26 /* Release */ = {
			isa = XCBuildConfiguration;
			baseConfigurationReference = 6FED393542C884E150FD171F /* Pods-Calling WorkflowUITests.release.xcconfig */;
			buildSettings = {
				ALWAYS_EMBED_SWIFT_STANDARD_LIBRARIES = YES;
				DEVELOPMENT_TEAM = 75DK5N8LHP;
				INFOPLIST_FILE = "Calling WorkflowUITests/Info.plist";
				LD_RUNPATH_SEARCH_PATHS = "$(inherited) @executable_path/Frameworks @loader_path/Frameworks";
				PRODUCT_BUNDLE_IDENTIFIER = "org.ldscd.Calling-WorkflowUITests";
				PRODUCT_NAME = "$(TARGET_NAME)";
				SWIFT_VERSION = 3.0;
				TEST_TARGET_NAME = "Calling Workflow";
			};
			name = Release;
		};
/* End XCBuildConfiguration section */

/* Begin XCConfigurationList section */
		E8512E681D92F2C600830E26 /* Build configuration list for PBXProject "Calling Workflow" */ = {
			isa = XCConfigurationList;
			buildConfigurations = (
				E8512E951D92F2C700830E26 /* Debug */,
				E8512E961D92F2C700830E26 /* Release */,
			);
			defaultConfigurationIsVisible = 0;
			defaultConfigurationName = Release;
		};
		E8512E971D92F2C700830E26 /* Build configuration list for PBXNativeTarget "Calling Workflow" */ = {
			isa = XCConfigurationList;
			buildConfigurations = (
				E8512E981D92F2C700830E26 /* Debug */,
				E8512E991D92F2C700830E26 /* Release */,
			);
			defaultConfigurationIsVisible = 0;
			defaultConfigurationName = Release;
		};
		E8512E9A1D92F2C700830E26 /* Build configuration list for PBXNativeTarget "Calling WorkflowTests" */ = {
			isa = XCConfigurationList;
			buildConfigurations = (
				E8512E9B1D92F2C700830E26 /* Debug */,
				E8512E9C1D92F2C700830E26 /* Release */,
			);
			defaultConfigurationIsVisible = 0;
			defaultConfigurationName = Release;
		};
		E8512E9D1D92F2C700830E26 /* Build configuration list for PBXNativeTarget "Calling WorkflowUITests" */ = {
			isa = XCConfigurationList;
			buildConfigurations = (
				E8512E9E1D92F2C700830E26 /* Debug */,
				E8512E9F1D92F2C700830E26 /* Release */,
			);
			defaultConfigurationIsVisible = 0;
			defaultConfigurationName = Release;
		};
/* End XCConfigurationList section */
	};
	rootObject = E8512E651D92F2C600830E26 /* Project object */;
}
