// !$*UTF8*$!
{
	archiveVersion = 1;
	classes = {
	};
	objectVersion = 46;
	objects = {

/* Begin PBXBuildFile section */
		3C0994D21E451AC500926094 /* MemberPickerTableViewController.swift in Sources */ = {isa = PBXBuildFile; fileRef = 3C0994D11E451AC500926094 /* MemberPickerTableViewController.swift */; };
		3C0994D41E451E4A00926094 /* TitleAdjustableSubtitleTableViewCell.swift in Sources */ = {isa = PBXBuildFile; fileRef = 3C0994D31E451E4A00926094 /* TitleAdjustableSubtitleTableViewCell.swift */; };
		3C0AA6E41E4A86670086525D /* OneRightTwoLeftTableViewCell.swift in Sources */ = {isa = PBXBuildFile; fileRef = 3C0AA6E31E4A86670086525D /* OneRightTwoLeftTableViewCell.swift */; };
		3C0E01801E4D26100014D32B /* NewCallingTableViewController.swift in Sources */ = {isa = PBXBuildFile; fileRef = 3C0E017F1E4D26100014D32B /* NewCallingTableViewController.swift */; };
		3C0E01821E4D42740014D32B /* ViewUtils.swift in Sources */ = {isa = PBXBuildFile; fileRef = 3C0E01811E4D42740014D32B /* ViewUtils.swift */; };
		3C11A31F1E70C14D00EC9F38 /* CWFAccordionTableViewController.swift in Sources */ = {isa = PBXBuildFile; fileRef = 3C11A31E1E70C14D00EC9F38 /* CWFAccordionTableViewController.swift */; };
		3C20DF611DD28A3B00F9847E /* OrgDetailTableViewController.swift in Sources */ = {isa = PBXBuildFile; fileRef = 3C20DF601DD28A3B00F9847E /* OrgDetailTableViewController.swift */; };
		3C20DF631DD399C600F9847E /* SettingsTableViewController.swift in Sources */ = {isa = PBXBuildFile; fileRef = 3C20DF621DD399C600F9847E /* SettingsTableViewController.swift */; };
		3C20DF651DD3A4C400F9847E /* LDSCredentialsViewController.swift in Sources */ = {isa = PBXBuildFile; fileRef = 3C20DF641DD3A4C400F9847E /* LDSCredentialsViewController.swift */; };
		3C20DF671DD3AFC100F9847E /* InputTableViewCell.swift in Sources */ = {isa = PBXBuildFile; fileRef = 3C20DF661DD3AFC100F9847E /* InputTableViewCell.swift */; };
		3C2D0C521ECCFA39009A1511 /* FilterApplyButtonTableViewCell.swift in Sources */ = {isa = PBXBuildFile; fileRef = 3C2D0C511ECCFA39009A1511 /* FilterApplyButtonTableViewCell.swift */; };
		3C3CF3B61E71F20A00143868 /* CWFAccordionRootTableViewCell.swift in Sources */ = {isa = PBXBuildFile; fileRef = 3C3CF3B51E71F20A00143868 /* CWFAccordionRootTableViewCell.swift */; };
		3C3CF3B81E71FB2300143868 /* CWFAccordionChildTableViewCell.swift in Sources */ = {isa = PBXBuildFile; fileRef = 3C3CF3B71E71FB2300143868 /* CWFAccordionChildTableViewCell.swift */; };
		3C4347B71ECB97FC00CC7369 /* FilterAgeTableViewCell.swift in Sources */ = {isa = PBXBuildFile; fileRef = 3C4347B61ECB97FC00CC7369 /* FilterAgeTableViewCell.swift */; };
		3C4347B91ECBA60400CC7369 /* FilterBaseTableViewCell.swift in Sources */ = {isa = PBXBuildFile; fileRef = 3C4347B81ECBA60400CC7369 /* FilterBaseTableViewCell.swift */; };
		3C4347BB1ECBBEA600CC7369 /* FilterGenderTableViewCell.swift in Sources */ = {isa = PBXBuildFile; fileRef = 3C4347BA1ECBBEA600CC7369 /* FilterGenderTableViewCell.swift */; };
		3C4347BD1ECBC20A00CC7369 /* FilterOrgTableViewCell.swift in Sources */ = {isa = PBXBuildFile; fileRef = 3C4347BC1ECBC20A00CC7369 /* FilterOrgTableViewCell.swift */; };
		3C4409C91E3BEE9400484935 /* CWFStatusPickerView.swift in Sources */ = {isa = PBXBuildFile; fileRef = 3C4409C81E3BEE9400484935 /* CWFStatusPickerView.swift */; };
		3C691E621ECA4A8B00CD7672 /* FilterTimeTableViewCell.swift in Sources */ = {isa = PBXBuildFile; fileRef = 3C691E611ECA4A8B00CD7672 /* FilterTimeTableViewCell.swift */; };
		3C6A365B1EC23D4600A58C33 /* FilterTableViewController.swift in Sources */ = {isa = PBXBuildFile; fileRef = 3C6A365A1EC23D4600A58C33 /* FilterTableViewController.swift */; };
		3C6A365E1EC24AFC00A58C33 /* FilterTitleTableViewCell.swift in Sources */ = {isa = PBXBuildFile; fileRef = 3C6A365D1EC24AFC00A58C33 /* FilterTitleTableViewCell.swift */; };
		3C76FBA11E52693B008C4A61 /* SingleFieldTableViewCell.swift in Sources */ = {isa = PBXBuildFile; fileRef = 3C76FBA01E52693B008C4A61 /* SingleFieldTableViewCell.swift */; };
		3C8300F31E3698DD00FD0D34 /* CallingDetailsTableViewController.swift in Sources */ = {isa = PBXBuildFile; fileRef = 3C8300F21E3698DD00FD0D34 /* CallingDetailsTableViewController.swift */; };
		3C8300F51E36A20400FD0D34 /* DataSubdataTableViewCell.swift in Sources */ = {isa = PBXBuildFile; fileRef = 3C8300F41E36A20400FD0D34 /* DataSubdataTableViewCell.swift */; };
		3C866F011E6F681B00BD6DDA /* UIColorExtension.swift in Sources */ = {isa = PBXBuildFile; fileRef = 3C866F001E6F681B00BD6DDA /* UIColorExtension.swift */; };
		3C88170F1E68D8A10037151B /* MemberInfoView.swift in Sources */ = {isa = PBXBuildFile; fileRef = 3C88170E1E68D8A10037151B /* MemberInfoView.swift */; };
		3C9298B21E5E314000A6339B /* NotesTableViewCell.swift in Sources */ = {isa = PBXBuildFile; fileRef = 3C9298B11E5E314000A6339B /* NotesTableViewCell.swift */; };
		3CA55F3A1E9D7D7400022D52 /* CWFButtonTableViewCell.swift in Sources */ = {isa = PBXBuildFile; fileRef = 3CA55F391E9D7D7400022D52 /* CWFButtonTableViewCell.swift */; };
		3CA596FE1E08593C00109B27 /* CWFBaseTableViewController.swift in Sources */ = {isa = PBXBuildFile; fileRef = 3CA596FC1E08593C00109B27 /* CWFBaseTableViewController.swift */; };
		3CA596FF1E08593C00109B27 /* RootTabBarViewController.swift in Sources */ = {isa = PBXBuildFile; fileRef = 3CA596FD1E08593C00109B27 /* RootTabBarViewController.swift */; };
		3CB191FB1EC639170098AD1C /* FilterCallingNumberTableViewCell.swift in Sources */ = {isa = PBXBuildFile; fileRef = 3CB191FA1EC639170098AD1C /* FilterCallingNumberTableViewCell.swift */; };
		3CB191FF1EC67E330098AD1C /* UIButtonExtensions.swift in Sources */ = {isa = PBXBuildFile; fileRef = 3CB191FE1EC67E330098AD1C /* UIButtonExtensions.swift */; };
		3CB192011EC6801E0098AD1C /* FilterButton.swift in Sources */ = {isa = PBXBuildFile; fileRef = 3CB192001EC6801E0098AD1C /* FilterButton.swift */; };
		3CBDDCAC1E48FC2F00F211F5 /* ControllerProtocols.swift in Sources */ = {isa = PBXBuildFile; fileRef = 3CBDDCAB1E48FC2F00F211F5 /* ControllerProtocols.swift */; };
		3CBDDCAE1E49345100F211F5 /* LeftTitleRightLabelTableViewCell.swift in Sources */ = {isa = PBXBuildFile; fileRef = 3CBDDCAD1E49345100F211F5 /* LeftTitleRightLabelTableViewCell.swift */; };
		3CE4C8D31DCA824100AAFB31 /* AppDelegate.swift in Sources */ = {isa = PBXBuildFile; fileRef = 3CE4C8D21DCA824100AAFB31 /* AppDelegate.swift */; };
		3CE4C8D51DCA824100AAFB31 /* FirstViewController.swift in Sources */ = {isa = PBXBuildFile; fileRef = 3CE4C8D41DCA824100AAFB31 /* FirstViewController.swift */; };
		3CE4C8DA1DCA824100AAFB31 /* Main.storyboard in Resources */ = {isa = PBXBuildFile; fileRef = 3CE4C8D81DCA824100AAFB31 /* Main.storyboard */; };
		3CE4C8DC1DCA824100AAFB31 /* Assets.xcassets in Resources */ = {isa = PBXBuildFile; fileRef = 3CE4C8DB1DCA824100AAFB31 /* Assets.xcassets */; };
		3CE4C8DF1DCA824100AAFB31 /* LaunchScreen.storyboard in Resources */ = {isa = PBXBuildFile; fileRef = 3CE4C8DD1DCA824100AAFB31 /* LaunchScreen.storyboard */; };
		3CE4C8EA1DCA824100AAFB31 /* Calling_WorkflowTests.swift in Sources */ = {isa = PBXBuildFile; fileRef = 3CE4C8E91DCA824100AAFB31 /* Calling_WorkflowTests.swift */; };
		3CE4C8F51DCA824100AAFB31 /* Calling_WorkflowUITests.swift in Sources */ = {isa = PBXBuildFile; fileRef = 3CE4C8F41DCA824100AAFB31 /* Calling_WorkflowUITests.swift */; };
		3CE4C90D1DCA82A000AAFB31 /* AppConfig.swift in Sources */ = {isa = PBXBuildFile; fileRef = 3CE4C9021DCA82A000AAFB31 /* AppConfig.swift */; };
		3CE4C9101DCA82A000AAFB31 /* Constants.swift in Sources */ = {isa = PBXBuildFile; fileRef = 3CE4C9051DCA82A000AAFB31 /* Constants.swift */; };
		3CE4C9111DCA82A000AAFB31 /* GoogleService-Info.plist in Resources */ = {isa = PBXBuildFile; fileRef = 3CE4C9061DCA82A000AAFB31 /* GoogleService-Info.plist */; };
		3CE4C9121DCA82A000AAFB31 /* JSON.swift in Sources */ = {isa = PBXBuildFile; fileRef = 3CE4C9071DCA82A000AAFB31 /* JSON.swift */; };
		3CE4C9161DCA82A000AAFB31 /* RemoteDataSource.swift in Sources */ = {isa = PBXBuildFile; fileRef = 3CE4C90B1DCA82A000AAFB31 /* RemoteDataSource.swift */; };
		3CE4C9171DCA82A000AAFB31 /* RestAPI.swift in Sources */ = {isa = PBXBuildFile; fileRef = 3CE4C90C1DCA82A000AAFB31 /* RestAPI.swift */; };
		3CEBAF411DCD0D160071BE9F /* CallingsTableViewController.swift in Sources */ = {isa = PBXBuildFile; fileRef = 3CEBAF401DCD0D160071BE9F /* CallingsTableViewController.swift */; };
		3CEBAF431DCD0E010071BE9F /* DirectoryTableViewController.swift in Sources */ = {isa = PBXBuildFile; fileRef = 3CEBAF421DCD0E010071BE9F /* DirectoryTableViewController.swift */; };
		3CEBAF451DCD0FBF0071BE9F /* Member.swift in Sources */ = {isa = PBXBuildFile; fileRef = 3CEBAF441DCD0FBF0071BE9F /* Member.swift */; };
		3CEBAF481DD14AB20071BE9F /* NameCallingProposedTableViewCell.swift in Sources */ = {isa = PBXBuildFile; fileRef = 3CEBAF471DD14AB20071BE9F /* NameCallingProposedTableViewCell.swift */; };
		7383B52A48EE9878CC51A26A /* Pods_Calling_WorkflowUITests.framework in Frameworks */ = {isa = PBXBuildFile; fileRef = 188CFE612548010ED581E770 /* Pods_Calling_WorkflowUITests.framework */; };
		BC33F2C9FAFB51B8EB260425 /* Pods_Calling_Workflow_Calling_WorkflowTests.framework in Frameworks */ = {isa = PBXBuildFile; fileRef = 060B8D3E367A4A3C81570E00 /* Pods_Calling_Workflow_Calling_WorkflowTests.framework */; };
		D9B29D5CC172075896D53F87 /* Pods_Calling_Workflow.framework in Frameworks */ = {isa = PBXBuildFile; fileRef = 5ADD1C197D84D3D19A7A24CD /* Pods_Calling_Workflow.framework */; };
		E8084F7C1E046D5D0077FDAE /* DateExtensions.swift in Sources */ = {isa = PBXBuildFile; fileRef = E8084F7B1E046D5D0077FDAE /* DateExtensions.swift */; };
		E8084F7F1E0476C10077FDAE /* DataExtensions.swift in Sources */ = {isa = PBXBuildFile; fileRef = E8084F7D1E0476C10077FDAE /* DataExtensions.swift */; };
		E8084F801E0476C10077FDAE /* CollectionExtensions.swift in Sources */ = {isa = PBXBuildFile; fileRef = E8084F7E1E0476C10077FDAE /* CollectionExtensions.swift */; };
		E8084F851E0476F80077FDAE /* Calling.swift in Sources */ = {isa = PBXBuildFile; fileRef = E8084F811E0476F80077FDAE /* Calling.swift */; };
		E8084F861E0476F80077FDAE /* Org.swift in Sources */ = {isa = PBXBuildFile; fileRef = E8084F821E0476F80077FDAE /* Org.swift */; };
		E8084F871E0476F80077FDAE /* Position.swift in Sources */ = {isa = PBXBuildFile; fileRef = E8084F831E0476F80077FDAE /* Position.swift */; };
		E8084F881E0476F80077FDAE /* UnitLevelOrgType.swift in Sources */ = {isa = PBXBuildFile; fileRef = E8084F841E0476F80077FDAE /* UnitLevelOrgType.swift */; };
		E8084F8A1E04814F0077FDAE /* OrganizationTableViewController.swift in Sources */ = {isa = PBXBuildFile; fileRef = E8084F891E04814F0077FDAE /* OrganizationTableViewController.swift */; };
		E8084F8C1E088A870077FDAE /* DataSource.swift in Sources */ = {isa = PBXBuildFile; fileRef = E8084F8B1E088A870077FDAE /* DataSource.swift */; };
		E8189A8A1DDA2D4600E983D4 /* cwf-object.js in Resources */ = {isa = PBXBuildFile; fileRef = E8189A881DDA2D4600E983D4 /* cwf-object.js */; };
		E8189A8B1DDA2D4600E983D4 /* ModelTests.swift in Sources */ = {isa = PBXBuildFile; fileRef = E8189A891DDA2D4600E983D4 /* ModelTests.swift */; };
		E8189A931DDA74E700E983D4 /* cwf-object.js in Resources */ = {isa = PBXBuildFile; fileRef = E8189A921DDA74E700E983D4 /* cwf-object.js */; };
		E8316CE91E26AC1E0091419D /* LdscdRestApi.swift in Sources */ = {isa = PBXBuildFile; fileRef = E8316CE71E26AC1E0091419D /* LdscdRestApi.swift */; };
		E8316CEA1E26AC1E0091419D /* LdsRestApi.swift in Sources */ = {isa = PBXBuildFile; fileRef = E8316CE81E26AC1E0091419D /* LdsRestApi.swift */; };
		E8316CEC1E26AD4F0091419D /* RestAPITests.swift in Sources */ = {isa = PBXBuildFile; fileRef = E8316CEB1E26AD4F0091419D /* RestAPITests.swift */; };
		E841701C1E79B4D600A5C049 /* ModelEnums.swift in Sources */ = {isa = PBXBuildFile; fileRef = E841701B1E79B4D600A5C049 /* ModelEnums.swift */; };
		E841701E1E7C767A00A5C049 /* reconcile-test-orgs.js in Resources */ = {isa = PBXBuildFile; fileRef = E841701D1E7C767A00A5C049 /* reconcile-test-orgs.js */; };
		E85E7EE41E49223B00CE05CD /* CallingManagerServiceTests.swift in Sources */ = {isa = PBXBuildFile; fileRef = E85E7EE31E49223B00CE05CD /* CallingManagerServiceTests.swift */; };
		E85E7EE61E53B6D700CE05CD /* MultiValueDictionary.swift in Sources */ = {isa = PBXBuildFile; fileRef = E85E7EE51E53B6D700CE05CD /* MultiValueDictionary.swift */; };
		E875C58C1EAE7E5C00E04499 /* current-user.js in Resources */ = {isa = PBXBuildFile; fileRef = E875C58B1EAE7E5C00E04499 /* current-user.js */; };
		E875C58E1EB2926800E04499 /* PositionRequirements.swift in Sources */ = {isa = PBXBuildFile; fileRef = E875C58D1EB2926800E04499 /* PositionRequirements.swift */; };
		E875C5901EB3BC8300E04499 /* PositionMetadata.swift in Sources */ = {isa = PBXBuildFile; fileRef = E875C58F1EB3BC8300E04499 /* PositionMetadata.swift */; };
		E87A9E7F1E01FC6A00A7A618 /* Utils.swift in Sources */ = {isa = PBXBuildFile; fileRef = E87A9E7E1E01FC6A00A7A618 /* Utils.swift */; };
		E87A9E811E0308E800A7A618 /* HTVTMemberParser.swift in Sources */ = {isa = PBXBuildFile; fileRef = E87A9E801E0308E800A7A618 /* HTVTMemberParser.swift */; };
		E87D00BA1E26EF7000FA722B /* LdsUser.swift in Sources */ = {isa = PBXBuildFile; fileRef = E87D00B91E26EF7000FA722B /* LdsUser.swift */; };
		E8A91ED11EB7C7910061EC12 /* position-metadata.js in Resources */ = {isa = PBXBuildFile; fileRef = E8A91ED01EB7C7910061EC12 /* position-metadata.js */; };
		E8A91ED31EB7C7C90061EC12 /* position-metadata.js in Resources */ = {isa = PBXBuildFile; fileRef = E8A91ED21EB7C7C90061EC12 /* position-metadata.js */; };
		E8B13CCA1E3BC749004FD60C /* DateExtensions.swift in Sources */ = {isa = PBXBuildFile; fileRef = E8B13CC91E3BC749004FD60C /* DateExtensions.swift */; };
		E8B13CCC1E3BD80A004FD60C /* DataSourceTests.swift in Sources */ = {isa = PBXBuildFile; fileRef = E8B13CCB1E3BD80A004FD60C /* DataSourceTests.swift */; };
		E8CC956A1E01E722007EBA47 /* member-objects.js in Resources */ = {isa = PBXBuildFile; fileRef = E8CC95691E01E722007EBA47 /* member-objects.js */; };
		E8CC956C1E01E77F007EBA47 /* MemberTests.swift in Sources */ = {isa = PBXBuildFile; fileRef = E8CC956B1E01E77F007EBA47 /* MemberTests.swift */; };
		E8F959681E30129700C13EC9 /* CWFCallingManagerService.swift in Sources */ = {isa = PBXBuildFile; fileRef = E8F959631E30129700C13EC9 /* CWFCallingManagerService.swift */; };
		E8F959691E30129700C13EC9 /* LdsFileApi.swift in Sources */ = {isa = PBXBuildFile; fileRef = E8F959641E30129700C13EC9 /* LdsFileApi.swift */; };
		E8F9596A1E30129700C13EC9 /* LdsOrgApi.swift in Sources */ = {isa = PBXBuildFile; fileRef = E8F959651E30129700C13EC9 /* LdsOrgApi.swift */; };
		E8F9596B1E30129700C13EC9 /* member-objects.js in Resources */ = {isa = PBXBuildFile; fileRef = E8F959661E30129700C13EC9 /* member-objects.js */; };
		E8F9596C1E30129700C13EC9 /* org-callings.js in Resources */ = {isa = PBXBuildFile; fileRef = E8F959671E30129700C13EC9 /* org-callings.js */; };
		E8F9596E1E3026AC00C13EC9 /* org-callings.js in Resources */ = {isa = PBXBuildFile; fileRef = E8F9596D1E3026AC00C13EC9 /* org-callings.js */; };
/* End PBXBuildFile section */

/* Begin PBXContainerItemProxy section */
		3CE4C8E61DCA824100AAFB31 /* PBXContainerItemProxy */ = {
			isa = PBXContainerItemProxy;
			containerPortal = 3CE4C8C71DCA824100AAFB31 /* Project object */;
			proxyType = 1;
			remoteGlobalIDString = 3CE4C8CE1DCA824100AAFB31;
			remoteInfo = "Calling Workflow";
		};
		3CE4C8F11DCA824100AAFB31 /* PBXContainerItemProxy */ = {
			isa = PBXContainerItemProxy;
			containerPortal = 3CE4C8C71DCA824100AAFB31 /* Project object */;
			proxyType = 1;
			remoteGlobalIDString = 3CE4C8CE1DCA824100AAFB31;
			remoteInfo = "Calling Workflow";
		};
/* End PBXContainerItemProxy section */

/* Begin PBXFileReference section */
		060B8D3E367A4A3C81570E00 /* Pods_Calling_Workflow_Calling_WorkflowTests.framework */ = {isa = PBXFileReference; explicitFileType = wrapper.framework; includeInIndex = 0; path = Pods_Calling_Workflow_Calling_WorkflowTests.framework; sourceTree = BUILT_PRODUCTS_DIR; };
		0EBF616855ECD1B37403E34D /* Pods_Calling_WorkflowTests.framework */ = {isa = PBXFileReference; explicitFileType = wrapper.framework; includeInIndex = 0; path = Pods_Calling_WorkflowTests.framework; sourceTree = BUILT_PRODUCTS_DIR; };
		13B71D74706DCB4A0F623EBE /* Pods-Calling Workflow.debug.xcconfig */ = {isa = PBXFileReference; includeInIndex = 1; lastKnownFileType = text.xcconfig; name = "Pods-Calling Workflow.debug.xcconfig"; path = "Pods/Target Support Files/Pods-Calling Workflow/Pods-Calling Workflow.debug.xcconfig"; sourceTree = "<group>"; };
		186DC4A209D5B238D4E39AD8 /* Pods-Calling WorkflowUITests.debug.xcconfig */ = {isa = PBXFileReference; includeInIndex = 1; lastKnownFileType = text.xcconfig; name = "Pods-Calling WorkflowUITests.debug.xcconfig"; path = "Pods/Target Support Files/Pods-Calling WorkflowUITests/Pods-Calling WorkflowUITests.debug.xcconfig"; sourceTree = "<group>"; };
		188CFE612548010ED581E770 /* Pods_Calling_WorkflowUITests.framework */ = {isa = PBXFileReference; explicitFileType = wrapper.framework; includeInIndex = 0; path = Pods_Calling_WorkflowUITests.framework; sourceTree = BUILT_PRODUCTS_DIR; };
		3C0994D11E451AC500926094 /* MemberPickerTableViewController.swift */ = {isa = PBXFileReference; fileEncoding = 4; lastKnownFileType = sourcecode.swift; name = MemberPickerTableViewController.swift; path = Controllers/MemberPickerTableViewController.swift; sourceTree = "<group>"; };
		3C0994D31E451E4A00926094 /* TitleAdjustableSubtitleTableViewCell.swift */ = {isa = PBXFileReference; fileEncoding = 4; lastKnownFileType = sourcecode.swift; name = TitleAdjustableSubtitleTableViewCell.swift; path = Controllers/TableViewCells/TitleAdjustableSubtitleTableViewCell.swift; sourceTree = "<group>"; };
		3C0AA6E31E4A86670086525D /* OneRightTwoLeftTableViewCell.swift */ = {isa = PBXFileReference; fileEncoding = 4; lastKnownFileType = sourcecode.swift; name = OneRightTwoLeftTableViewCell.swift; path = Controllers/TableViewCells/OneRightTwoLeftTableViewCell.swift; sourceTree = "<group>"; };
		3C0E017F1E4D26100014D32B /* NewCallingTableViewController.swift */ = {isa = PBXFileReference; fileEncoding = 4; lastKnownFileType = sourcecode.swift; name = NewCallingTableViewController.swift; path = Controllers/NewCallingTableViewController.swift; sourceTree = "<group>"; };
		3C0E01811E4D42740014D32B /* ViewUtils.swift */ = {isa = PBXFileReference; fileEncoding = 4; lastKnownFileType = sourcecode.swift; name = ViewUtils.swift; path = Controllers/General/ViewUtils.swift; sourceTree = "<group>"; };
		3C11A31E1E70C14D00EC9F38 /* CWFAccordionTableViewController.swift */ = {isa = PBXFileReference; fileEncoding = 4; lastKnownFileType = sourcecode.swift; name = CWFAccordionTableViewController.swift; path = Controllers/General/CWFAccordionTableViewController.swift; sourceTree = "<group>"; };
		3C20DF601DD28A3B00F9847E /* OrgDetailTableViewController.swift */ = {isa = PBXFileReference; fileEncoding = 4; lastKnownFileType = sourcecode.swift; name = OrgDetailTableViewController.swift; path = Controllers/OrgDetailTableViewController.swift; sourceTree = "<group>"; };
		3C20DF621DD399C600F9847E /* SettingsTableViewController.swift */ = {isa = PBXFileReference; fileEncoding = 4; lastKnownFileType = sourcecode.swift; name = SettingsTableViewController.swift; path = Controllers/SettingsTableViewController.swift; sourceTree = "<group>"; };
		3C20DF641DD3A4C400F9847E /* LDSCredentialsViewController.swift */ = {isa = PBXFileReference; fileEncoding = 4; lastKnownFileType = sourcecode.swift; name = LDSCredentialsViewController.swift; path = Controllers/LDSCredentialsViewController.swift; sourceTree = "<group>"; };
		3C20DF661DD3AFC100F9847E /* InputTableViewCell.swift */ = {isa = PBXFileReference; fileEncoding = 4; lastKnownFileType = sourcecode.swift; name = InputTableViewCell.swift; path = Controllers/TableViewCells/InputTableViewCell.swift; sourceTree = "<group>"; };
		3C2D0C511ECCFA39009A1511 /* FilterApplyButtonTableViewCell.swift */ = {isa = PBXFileReference; fileEncoding = 4; lastKnownFileType = sourcecode.swift; name = FilterApplyButtonTableViewCell.swift; path = Controllers/TableViewCells/FilterCells/FilterApplyButtonTableViewCell.swift; sourceTree = "<group>"; };
		3C3CF3B51E71F20A00143868 /* CWFAccordionRootTableViewCell.swift */ = {isa = PBXFileReference; fileEncoding = 4; lastKnownFileType = sourcecode.swift; name = CWFAccordionRootTableViewCell.swift; path = Controllers/TableViewCells/CWFAccordionRootTableViewCell.swift; sourceTree = "<group>"; };
		3C3CF3B71E71FB2300143868 /* CWFAccordionChildTableViewCell.swift */ = {isa = PBXFileReference; fileEncoding = 4; lastKnownFileType = sourcecode.swift; name = CWFAccordionChildTableViewCell.swift; path = Controllers/TableViewCells/CWFAccordionChildTableViewCell.swift; sourceTree = "<group>"; };
		3C4347B61ECB97FC00CC7369 /* FilterAgeTableViewCell.swift */ = {isa = PBXFileReference; fileEncoding = 4; lastKnownFileType = sourcecode.swift; name = FilterAgeTableViewCell.swift; path = Controllers/TableViewCells/FilterCells/FilterAgeTableViewCell.swift; sourceTree = "<group>"; };
		3C4347B81ECBA60400CC7369 /* FilterBaseTableViewCell.swift */ = {isa = PBXFileReference; fileEncoding = 4; lastKnownFileType = sourcecode.swift; name = FilterBaseTableViewCell.swift; path = Controllers/TableViewCells/FilterCells/FilterBaseTableViewCell.swift; sourceTree = "<group>"; };
		3C4347BA1ECBBEA600CC7369 /* FilterGenderTableViewCell.swift */ = {isa = PBXFileReference; fileEncoding = 4; lastKnownFileType = sourcecode.swift; name = FilterGenderTableViewCell.swift; path = Controllers/TableViewCells/FilterCells/FilterGenderTableViewCell.swift; sourceTree = "<group>"; };
		3C4347BC1ECBC20A00CC7369 /* FilterOrgTableViewCell.swift */ = {isa = PBXFileReference; fileEncoding = 4; lastKnownFileType = sourcecode.swift; name = FilterOrgTableViewCell.swift; path = Controllers/TableViewCells/FilterCells/FilterOrgTableViewCell.swift; sourceTree = "<group>"; };
		3C4409C81E3BEE9400484935 /* CWFStatusPickerView.swift */ = {isa = PBXFileReference; fileEncoding = 4; lastKnownFileType = sourcecode.swift; name = CWFStatusPickerView.swift; path = Controllers/General/CWFStatusPickerView.swift; sourceTree = "<group>"; };
		3C691E611ECA4A8B00CD7672 /* FilterTimeTableViewCell.swift */ = {isa = PBXFileReference; fileEncoding = 4; lastKnownFileType = sourcecode.swift; name = FilterTimeTableViewCell.swift; path = Controllers/TableViewCells/FilterCells/FilterTimeTableViewCell.swift; sourceTree = "<group>"; };
		3C6A365A1EC23D4600A58C33 /* FilterTableViewController.swift */ = {isa = PBXFileReference; fileEncoding = 4; lastKnownFileType = sourcecode.swift; name = FilterTableViewController.swift; path = Controllers/General/FilterTableViewController.swift; sourceTree = "<group>"; };
		3C6A365D1EC24AFC00A58C33 /* FilterTitleTableViewCell.swift */ = {isa = PBXFileReference; fileEncoding = 4; lastKnownFileType = sourcecode.swift; name = FilterTitleTableViewCell.swift; path = Controllers/TableViewCells/FilterCells/FilterTitleTableViewCell.swift; sourceTree = "<group>"; };
		3C76FBA01E52693B008C4A61 /* SingleFieldTableViewCell.swift */ = {isa = PBXFileReference; fileEncoding = 4; lastKnownFileType = sourcecode.swift; name = SingleFieldTableViewCell.swift; path = Controllers/TableViewCells/SingleFieldTableViewCell.swift; sourceTree = "<group>"; };
		3C8300F21E3698DD00FD0D34 /* CallingDetailsTableViewController.swift */ = {isa = PBXFileReference; fileEncoding = 4; lastKnownFileType = sourcecode.swift; name = CallingDetailsTableViewController.swift; path = Controllers/CallingDetailsTableViewController.swift; sourceTree = "<group>"; };
		3C8300F41E36A20400FD0D34 /* DataSubdataTableViewCell.swift */ = {isa = PBXFileReference; fileEncoding = 4; lastKnownFileType = sourcecode.swift; name = DataSubdataTableViewCell.swift; path = Controllers/TableViewCells/DataSubdataTableViewCell.swift; sourceTree = "<group>"; };
		3C866F001E6F681B00BD6DDA /* UIColorExtension.swift */ = {isa = PBXFileReference; fileEncoding = 4; lastKnownFileType = sourcecode.swift; name = UIColorExtension.swift; path = Extensions/UIColorExtension.swift; sourceTree = "<group>"; };
		3C88170E1E68D8A10037151B /* MemberInfoView.swift */ = {isa = PBXFileReference; fileEncoding = 4; lastKnownFileType = sourcecode.swift; name = MemberInfoView.swift; path = Controllers/General/MemberInfoView.swift; sourceTree = "<group>"; };
		3C9298B11E5E314000A6339B /* NotesTableViewCell.swift */ = {isa = PBXFileReference; fileEncoding = 4; lastKnownFileType = sourcecode.swift; name = NotesTableViewCell.swift; path = Controllers/TableViewCells/NotesTableViewCell.swift; sourceTree = "<group>"; };
		3CA55F391E9D7D7400022D52 /* CWFButtonTableViewCell.swift */ = {isa = PBXFileReference; fileEncoding = 4; lastKnownFileType = sourcecode.swift; name = CWFButtonTableViewCell.swift; path = Controllers/TableViewCells/CWFButtonTableViewCell.swift; sourceTree = "<group>"; };
		3CA596FC1E08593C00109B27 /* CWFBaseTableViewController.swift */ = {isa = PBXFileReference; fileEncoding = 4; lastKnownFileType = sourcecode.swift; name = CWFBaseTableViewController.swift; path = Controllers/General/CWFBaseTableViewController.swift; sourceTree = "<group>"; };
		3CA596FD1E08593C00109B27 /* RootTabBarViewController.swift */ = {isa = PBXFileReference; fileEncoding = 4; lastKnownFileType = sourcecode.swift; name = RootTabBarViewController.swift; path = Controllers/General/RootTabBarViewController.swift; sourceTree = "<group>"; };
		3CB191FA1EC639170098AD1C /* FilterCallingNumberTableViewCell.swift */ = {isa = PBXFileReference; fileEncoding = 4; lastKnownFileType = sourcecode.swift; name = FilterCallingNumberTableViewCell.swift; path = Controllers/TableViewCells/FilterCells/FilterCallingNumberTableViewCell.swift; sourceTree = "<group>"; };
		3CB191FE1EC67E330098AD1C /* UIButtonExtensions.swift */ = {isa = PBXFileReference; fileEncoding = 4; lastKnownFileType = sourcecode.swift; name = UIButtonExtensions.swift; path = Extensions/UIButtonExtensions.swift; sourceTree = "<group>"; };
		3CB192001EC6801E0098AD1C /* FilterButton.swift */ = {isa = PBXFileReference; fileEncoding = 4; lastKnownFileType = sourcecode.swift; name = FilterButton.swift; path = Controllers/General/FilterButton.swift; sourceTree = "<group>"; };
		3CBDDCAB1E48FC2F00F211F5 /* ControllerProtocols.swift */ = {isa = PBXFileReference; fileEncoding = 4; lastKnownFileType = sourcecode.swift; name = ControllerProtocols.swift; path = Controllers/ControllerProtocols.swift; sourceTree = "<group>"; };
		3CBDDCAD1E49345100F211F5 /* LeftTitleRightLabelTableViewCell.swift */ = {isa = PBXFileReference; fileEncoding = 4; lastKnownFileType = sourcecode.swift; name = LeftTitleRightLabelTableViewCell.swift; path = Controllers/TableViewCells/LeftTitleRightLabelTableViewCell.swift; sourceTree = "<group>"; };
		3CE4C8CF1DCA824100AAFB31 /* Calling Workflow.app */ = {isa = PBXFileReference; explicitFileType = wrapper.application; includeInIndex = 0; path = "Calling Workflow.app"; sourceTree = BUILT_PRODUCTS_DIR; };
		3CE4C8D21DCA824100AAFB31 /* AppDelegate.swift */ = {isa = PBXFileReference; lastKnownFileType = sourcecode.swift; path = AppDelegate.swift; sourceTree = "<group>"; };
		3CE4C8D41DCA824100AAFB31 /* FirstViewController.swift */ = {isa = PBXFileReference; lastKnownFileType = sourcecode.swift; path = FirstViewController.swift; sourceTree = "<group>"; };
		3CE4C8D91DCA824100AAFB31 /* Base */ = {isa = PBXFileReference; lastKnownFileType = file.storyboard; name = Base; path = Base.lproj/Main.storyboard; sourceTree = "<group>"; };
		3CE4C8DB1DCA824100AAFB31 /* Assets.xcassets */ = {isa = PBXFileReference; lastKnownFileType = folder.assetcatalog; path = Assets.xcassets; sourceTree = "<group>"; };
		3CE4C8DE1DCA824100AAFB31 /* Base */ = {isa = PBXFileReference; lastKnownFileType = file.storyboard; name = Base; path = Base.lproj/LaunchScreen.storyboard; sourceTree = "<group>"; };
		3CE4C8E01DCA824100AAFB31 /* Info.plist */ = {isa = PBXFileReference; lastKnownFileType = text.plist.xml; path = Info.plist; sourceTree = "<group>"; };
		3CE4C8E51DCA824100AAFB31 /* Calling WorkflowTests.xctest */ = {isa = PBXFileReference; explicitFileType = wrapper.cfbundle; includeInIndex = 0; path = "Calling WorkflowTests.xctest"; sourceTree = BUILT_PRODUCTS_DIR; };
		3CE4C8E91DCA824100AAFB31 /* Calling_WorkflowTests.swift */ = {isa = PBXFileReference; lastKnownFileType = sourcecode.swift; path = Calling_WorkflowTests.swift; sourceTree = "<group>"; };
		3CE4C8EB1DCA824100AAFB31 /* Info.plist */ = {isa = PBXFileReference; lastKnownFileType = text.plist.xml; path = Info.plist; sourceTree = "<group>"; };
		3CE4C8F01DCA824100AAFB31 /* Calling WorkflowUITests.xctest */ = {isa = PBXFileReference; explicitFileType = wrapper.cfbundle; includeInIndex = 0; path = "Calling WorkflowUITests.xctest"; sourceTree = BUILT_PRODUCTS_DIR; };
		3CE4C8F41DCA824100AAFB31 /* Calling_WorkflowUITests.swift */ = {isa = PBXFileReference; lastKnownFileType = sourcecode.swift; path = Calling_WorkflowUITests.swift; sourceTree = "<group>"; };
		3CE4C8F61DCA824100AAFB31 /* Info.plist */ = {isa = PBXFileReference; lastKnownFileType = text.plist.xml; path = Info.plist; sourceTree = "<group>"; };
		3CE4C9021DCA82A000AAFB31 /* AppConfig.swift */ = {isa = PBXFileReference; fileEncoding = 4; lastKnownFileType = sourcecode.swift; path = AppConfig.swift; sourceTree = "<group>"; };
		3CE4C9051DCA82A000AAFB31 /* Constants.swift */ = {isa = PBXFileReference; fileEncoding = 4; lastKnownFileType = sourcecode.swift; path = Constants.swift; sourceTree = "<group>"; };
		3CE4C9061DCA82A000AAFB31 /* GoogleService-Info.plist */ = {isa = PBXFileReference; fileEncoding = 4; lastKnownFileType = text.plist.xml; path = "GoogleService-Info.plist"; sourceTree = "<group>"; };
		3CE4C9071DCA82A000AAFB31 /* JSON.swift */ = {isa = PBXFileReference; fileEncoding = 4; lastKnownFileType = sourcecode.swift; path = JSON.swift; sourceTree = "<group>"; };
		3CE4C90B1DCA82A000AAFB31 /* RemoteDataSource.swift */ = {isa = PBXFileReference; fileEncoding = 4; lastKnownFileType = sourcecode.swift; path = RemoteDataSource.swift; sourceTree = "<group>"; };
		3CE4C90C1DCA82A000AAFB31 /* RestAPI.swift */ = {isa = PBXFileReference; fileEncoding = 4; lastKnownFileType = sourcecode.swift; path = RestAPI.swift; sourceTree = "<group>"; };
		3CEBAF401DCD0D160071BE9F /* CallingsTableViewController.swift */ = {isa = PBXFileReference; fileEncoding = 4; lastKnownFileType = sourcecode.swift; name = CallingsTableViewController.swift; path = Controllers/CallingsTableViewController.swift; sourceTree = "<group>"; };
		3CEBAF421DCD0E010071BE9F /* DirectoryTableViewController.swift */ = {isa = PBXFileReference; fileEncoding = 4; lastKnownFileType = sourcecode.swift; name = DirectoryTableViewController.swift; path = Controllers/DirectoryTableViewController.swift; sourceTree = "<group>"; };
		3CEBAF441DCD0FBF0071BE9F /* Member.swift */ = {isa = PBXFileReference; fileEncoding = 4; lastKnownFileType = sourcecode.swift; name = Member.swift; path = Model/Member.swift; sourceTree = "<group>"; };
		3CEBAF471DD14AB20071BE9F /* NameCallingProposedTableViewCell.swift */ = {isa = PBXFileReference; fileEncoding = 4; lastKnownFileType = sourcecode.swift; name = NameCallingProposedTableViewCell.swift; path = Controllers/NameCallingProposedTableViewCell.swift; sourceTree = "<group>"; };
		403F3DEDFCDAEFE6861B2C7D /* Pods-Calling Workflow.release.xcconfig */ = {isa = PBXFileReference; includeInIndex = 1; lastKnownFileType = text.xcconfig; name = "Pods-Calling Workflow.release.xcconfig"; path = "Pods/Target Support Files/Pods-Calling Workflow/Pods-Calling Workflow.release.xcconfig"; sourceTree = "<group>"; };
		5ADD1C197D84D3D19A7A24CD /* Pods_Calling_Workflow.framework */ = {isa = PBXFileReference; explicitFileType = wrapper.framework; includeInIndex = 0; path = Pods_Calling_Workflow.framework; sourceTree = BUILT_PRODUCTS_DIR; };
		6D38D054678C0286D5B46AE4 /* Pods-Calling WorkflowUITests.release.xcconfig */ = {isa = PBXFileReference; includeInIndex = 1; lastKnownFileType = text.xcconfig; name = "Pods-Calling WorkflowUITests.release.xcconfig"; path = "Pods/Target Support Files/Pods-Calling WorkflowUITests/Pods-Calling WorkflowUITests.release.xcconfig"; sourceTree = "<group>"; };
		7E8535CC796BD9EEEBC88147 /* Pods-Calling Workflow-Calling WorkflowTests.release.xcconfig */ = {isa = PBXFileReference; includeInIndex = 1; lastKnownFileType = text.xcconfig; name = "Pods-Calling Workflow-Calling WorkflowTests.release.xcconfig"; path = "Pods/Target Support Files/Pods-Calling Workflow-Calling WorkflowTests/Pods-Calling Workflow-Calling WorkflowTests.release.xcconfig"; sourceTree = "<group>"; };
		D54A3B58DD7D62D3E57ECD6A /* Pods-Calling WorkflowTests.release.xcconfig */ = {isa = PBXFileReference; includeInIndex = 1; lastKnownFileType = text.xcconfig; name = "Pods-Calling WorkflowTests.release.xcconfig"; path = "Pods/Target Support Files/Pods-Calling WorkflowTests/Pods-Calling WorkflowTests.release.xcconfig"; sourceTree = "<group>"; };
		E44CDBB5DE5984D9F73C386E /* Pods-Calling WorkflowTests.debug.xcconfig */ = {isa = PBXFileReference; includeInIndex = 1; lastKnownFileType = text.xcconfig; name = "Pods-Calling WorkflowTests.debug.xcconfig"; path = "Pods/Target Support Files/Pods-Calling WorkflowTests/Pods-Calling WorkflowTests.debug.xcconfig"; sourceTree = "<group>"; };
		E6E8A65D7DF5035C4EDB912A /* Pods-Calling Workflow-Calling WorkflowTests.debug.xcconfig */ = {isa = PBXFileReference; includeInIndex = 1; lastKnownFileType = text.xcconfig; name = "Pods-Calling Workflow-Calling WorkflowTests.debug.xcconfig"; path = "Pods/Target Support Files/Pods-Calling Workflow-Calling WorkflowTests/Pods-Calling Workflow-Calling WorkflowTests.debug.xcconfig"; sourceTree = "<group>"; };
		E8084F7B1E046D5D0077FDAE /* DateExtensions.swift */ = {isa = PBXFileReference; fileEncoding = 4; lastKnownFileType = sourcecode.swift; path = DateExtensions.swift; sourceTree = "<group>"; };
		E8084F7D1E0476C10077FDAE /* DataExtensions.swift */ = {isa = PBXFileReference; fileEncoding = 4; lastKnownFileType = sourcecode.swift; name = DataExtensions.swift; path = Extensions/DataExtensions.swift; sourceTree = "<group>"; };
		E8084F7E1E0476C10077FDAE /* CollectionExtensions.swift */ = {isa = PBXFileReference; fileEncoding = 4; lastKnownFileType = sourcecode.swift; name = CollectionExtensions.swift; path = Extensions/CollectionExtensions.swift; sourceTree = "<group>"; };
		E8084F811E0476F80077FDAE /* Calling.swift */ = {isa = PBXFileReference; fileEncoding = 4; lastKnownFileType = sourcecode.swift; name = Calling.swift; path = Model/Calling.swift; sourceTree = "<group>"; };
		E8084F821E0476F80077FDAE /* Org.swift */ = {isa = PBXFileReference; fileEncoding = 4; lastKnownFileType = sourcecode.swift; name = Org.swift; path = Model/Org.swift; sourceTree = "<group>"; };
		E8084F831E0476F80077FDAE /* Position.swift */ = {isa = PBXFileReference; fileEncoding = 4; lastKnownFileType = sourcecode.swift; name = Position.swift; path = Model/Position.swift; sourceTree = "<group>"; };
		E8084F841E0476F80077FDAE /* UnitLevelOrgType.swift */ = {isa = PBXFileReference; fileEncoding = 4; lastKnownFileType = sourcecode.swift; name = UnitLevelOrgType.swift; path = Model/UnitLevelOrgType.swift; sourceTree = "<group>"; };
		E8084F891E04814F0077FDAE /* OrganizationTableViewController.swift */ = {isa = PBXFileReference; fileEncoding = 4; lastKnownFileType = sourcecode.swift; name = OrganizationTableViewController.swift; path = Controllers/OrganizationTableViewController.swift; sourceTree = "<group>"; };
		E8084F8B1E088A870077FDAE /* DataSource.swift */ = {isa = PBXFileReference; fileEncoding = 4; lastKnownFileType = sourcecode.swift; path = DataSource.swift; sourceTree = "<group>"; };
		E8189A881DDA2D4600E983D4 /* cwf-object.js */ = {isa = PBXFileReference; fileEncoding = 4; lastKnownFileType = sourcecode.javascript; path = "cwf-object.js"; sourceTree = "<group>"; };
		E8189A891DDA2D4600E983D4 /* ModelTests.swift */ = {isa = PBXFileReference; fileEncoding = 4; lastKnownFileType = sourcecode.swift; path = ModelTests.swift; sourceTree = "<group>"; };
		E8189A8C1DDA687600E983D4 /* GTMOAuth2.framework */ = {isa = PBXFileReference; lastKnownFileType = wrapper.framework; name = GTMOAuth2.framework; path = "../../../../Library/Developer/Xcode/DerivedData/Calling_Workflow-exfgumoddixqfzcrdepaqirmseyo/Build/Products/Debug-iphonesimulator/GTMOAuth2/GTMOAuth2.framework"; sourceTree = "<group>"; };
		E8189A8E1DDA687C00E983D4 /* GTMSessionFetcher.framework */ = {isa = PBXFileReference; lastKnownFileType = wrapper.framework; name = GTMSessionFetcher.framework; path = "../../../../Library/Developer/Xcode/DerivedData/Calling_Workflow-exfgumoddixqfzcrdepaqirmseyo/Build/Products/Debug-iphonesimulator/GTMSessionFetcher/GTMSessionFetcher.framework"; sourceTree = "<group>"; };
		E8189A901DDA688000E983D4 /* GoogleAPIClient.framework */ = {isa = PBXFileReference; lastKnownFileType = wrapper.framework; name = GoogleAPIClient.framework; path = "../../../../Library/Developer/Xcode/DerivedData/Calling_Workflow-exfgumoddixqfzcrdepaqirmseyo/Build/Products/Debug-iphonesimulator/GoogleAPIClient/GoogleAPIClient.framework"; sourceTree = "<group>"; };
		E8189A921DDA74E700E983D4 /* cwf-object.js */ = {isa = PBXFileReference; fileEncoding = 4; lastKnownFileType = sourcecode.javascript; path = "cwf-object.js"; sourceTree = "<group>"; };
		E8316CE71E26AC1E0091419D /* LdscdRestApi.swift */ = {isa = PBXFileReference; fileEncoding = 4; lastKnownFileType = sourcecode.swift; path = LdscdRestApi.swift; sourceTree = "<group>"; };
		E8316CE81E26AC1E0091419D /* LdsRestApi.swift */ = {isa = PBXFileReference; fileEncoding = 4; lastKnownFileType = sourcecode.swift; path = LdsRestApi.swift; sourceTree = "<group>"; };
		E8316CEB1E26AD4F0091419D /* RestAPITests.swift */ = {isa = PBXFileReference; fileEncoding = 4; lastKnownFileType = sourcecode.swift; path = RestAPITests.swift; sourceTree = "<group>"; };
		E841701B1E79B4D600A5C049 /* ModelEnums.swift */ = {isa = PBXFileReference; fileEncoding = 4; lastKnownFileType = sourcecode.swift; name = ModelEnums.swift; path = Model/ModelEnums.swift; sourceTree = "<group>"; };
		E841701D1E7C767A00A5C049 /* reconcile-test-orgs.js */ = {isa = PBXFileReference; fileEncoding = 4; lastKnownFileType = sourcecode.javascript; path = "reconcile-test-orgs.js"; sourceTree = "<group>"; };
		E85E7EE31E49223B00CE05CD /* CallingManagerServiceTests.swift */ = {isa = PBXFileReference; fileEncoding = 4; lastKnownFileType = sourcecode.swift; path = CallingManagerServiceTests.swift; sourceTree = "<group>"; };
		E85E7EE51E53B6D700CE05CD /* MultiValueDictionary.swift */ = {isa = PBXFileReference; fileEncoding = 4; lastKnownFileType = sourcecode.swift; name = MultiValueDictionary.swift; path = Extensions/MultiValueDictionary.swift; sourceTree = "<group>"; };
		E875C58B1EAE7E5C00E04499 /* current-user.js */ = {isa = PBXFileReference; fileEncoding = 4; lastKnownFileType = sourcecode.javascript; path = "current-user.js"; sourceTree = "<group>"; };
		E875C58D1EB2926800E04499 /* PositionRequirements.swift */ = {isa = PBXFileReference; fileEncoding = 4; lastKnownFileType = sourcecode.swift; name = PositionRequirements.swift; path = Model/PositionRequirements.swift; sourceTree = "<group>"; };
		E875C58F1EB3BC8300E04499 /* PositionMetadata.swift */ = {isa = PBXFileReference; fileEncoding = 4; lastKnownFileType = sourcecode.swift; name = PositionMetadata.swift; path = Model/PositionMetadata.swift; sourceTree = "<group>"; };
		E87A9E7E1E01FC6A00A7A618 /* Utils.swift */ = {isa = PBXFileReference; fileEncoding = 4; lastKnownFileType = sourcecode.swift; path = Utils.swift; sourceTree = "<group>"; };
		E87A9E801E0308E800A7A618 /* HTVTMemberParser.swift */ = {isa = PBXFileReference; fileEncoding = 4; lastKnownFileType = sourcecode.swift; name = HTVTMemberParser.swift; path = Model/HTVTMemberParser.swift; sourceTree = "<group>"; };
		E87D00B91E26EF7000FA722B /* LdsUser.swift */ = {isa = PBXFileReference; fileEncoding = 4; lastKnownFileType = sourcecode.swift; name = LdsUser.swift; path = Model/LdsUser.swift; sourceTree = "<group>"; };
		E899562C1EA029D4001032E5 /* Calling Workflow-Bridging-Header.h */ = {isa = PBXFileReference; lastKnownFileType = sourcecode.c.h; path = "Calling Workflow-Bridging-Header.h"; sourceTree = "<group>"; };
		E8A91ED01EB7C7910061EC12 /* position-metadata.js */ = {isa = PBXFileReference; fileEncoding = 4; lastKnownFileType = sourcecode.javascript; path = "position-metadata.js"; sourceTree = "<group>"; };
		E8A91ED21EB7C7C90061EC12 /* position-metadata.js */ = {isa = PBXFileReference; fileEncoding = 4; lastKnownFileType = sourcecode.javascript; path = "position-metadata.js"; sourceTree = "<group>"; };
		E8B13CC91E3BC749004FD60C /* DateExtensions.swift */ = {isa = PBXFileReference; fileEncoding = 4; lastKnownFileType = sourcecode.swift; name = DateExtensions.swift; path = Extensions/DateExtensions.swift; sourceTree = "<group>"; };
		E8B13CCB1E3BD80A004FD60C /* DataSourceTests.swift */ = {isa = PBXFileReference; fileEncoding = 4; lastKnownFileType = sourcecode.swift; path = DataSourceTests.swift; sourceTree = "<group>"; };
		E8CC95691E01E722007EBA47 /* member-objects.js */ = {isa = PBXFileReference; fileEncoding = 4; lastKnownFileType = sourcecode.javascript; path = "member-objects.js"; sourceTree = "<group>"; };
		E8CC956B1E01E77F007EBA47 /* MemberTests.swift */ = {isa = PBXFileReference; fileEncoding = 4; lastKnownFileType = sourcecode.swift; path = MemberTests.swift; sourceTree = "<group>"; };
		E8F959631E30129700C13EC9 /* CWFCallingManagerService.swift */ = {isa = PBXFileReference; fileEncoding = 4; lastKnownFileType = sourcecode.swift; path = CWFCallingManagerService.swift; sourceTree = "<group>"; };
		E8F959641E30129700C13EC9 /* LdsFileApi.swift */ = {isa = PBXFileReference; fileEncoding = 4; lastKnownFileType = sourcecode.swift; path = LdsFileApi.swift; sourceTree = "<group>"; };
		E8F959651E30129700C13EC9 /* LdsOrgApi.swift */ = {isa = PBXFileReference; fileEncoding = 4; lastKnownFileType = sourcecode.swift; path = LdsOrgApi.swift; sourceTree = "<group>"; };
		E8F959661E30129700C13EC9 /* member-objects.js */ = {isa = PBXFileReference; fileEncoding = 4; lastKnownFileType = sourcecode.javascript; path = "member-objects.js"; sourceTree = "<group>"; };
		E8F959671E30129700C13EC9 /* org-callings.js */ = {isa = PBXFileReference; fileEncoding = 4; lastKnownFileType = sourcecode.javascript; path = "org-callings.js"; sourceTree = "<group>"; };
		E8F9596D1E3026AC00C13EC9 /* org-callings.js */ = {isa = PBXFileReference; fileEncoding = 4; lastKnownFileType = sourcecode.javascript; path = "org-callings.js"; sourceTree = "<group>"; };
/* End PBXFileReference section */

/* Begin PBXFrameworksBuildPhase section */
		3CE4C8CC1DCA824100AAFB31 /* Frameworks */ = {
			isa = PBXFrameworksBuildPhase;
			buildActionMask = 2147483647;
			files = (
				D9B29D5CC172075896D53F87 /* Pods_Calling_Workflow.framework in Frameworks */,
			);
			runOnlyForDeploymentPostprocessing = 0;
		};
		3CE4C8E21DCA824100AAFB31 /* Frameworks */ = {
			isa = PBXFrameworksBuildPhase;
			buildActionMask = 2147483647;
			files = (
				BC33F2C9FAFB51B8EB260425 /* Pods_Calling_Workflow_Calling_WorkflowTests.framework in Frameworks */,
			);
			runOnlyForDeploymentPostprocessing = 0;
		};
		3CE4C8ED1DCA824100AAFB31 /* Frameworks */ = {
			isa = PBXFrameworksBuildPhase;
			buildActionMask = 2147483647;
			files = (
				7383B52A48EE9878CC51A26A /* Pods_Calling_WorkflowUITests.framework in Frameworks */,
			);
			runOnlyForDeploymentPostprocessing = 0;
		};
/* End PBXFrameworksBuildPhase section */

/* Begin PBXGroup section */
		3A65547E098349B931D50703 /* Frameworks */ = {
			isa = PBXGroup;
			children = (
				E8189A901DDA688000E983D4 /* GoogleAPIClient.framework */,
				E8189A8E1DDA687C00E983D4 /* GTMSessionFetcher.framework */,
				E8189A8C1DDA687600E983D4 /* GTMOAuth2.framework */,
				5ADD1C197D84D3D19A7A24CD /* Pods_Calling_Workflow.framework */,
				0EBF616855ECD1B37403E34D /* Pods_Calling_WorkflowTests.framework */,
				188CFE612548010ED581E770 /* Pods_Calling_WorkflowUITests.framework */,
				060B8D3E367A4A3C81570E00 /* Pods_Calling_Workflow_Calling_WorkflowTests.framework */,
			);
			name = Frameworks;
			sourceTree = "<group>";
		};
		3C6A365C1EC24AB100A58C33 /* Filter Cells */ = {
			isa = PBXGroup;
			children = (
				3C4347B61ECB97FC00CC7369 /* FilterAgeTableViewCell.swift */,
				3C2D0C511ECCFA39009A1511 /* FilterApplyButtonTableViewCell.swift */,
				3C4347B81ECBA60400CC7369 /* FilterBaseTableViewCell.swift */,
				3CB191FA1EC639170098AD1C /* FilterCallingNumberTableViewCell.swift */,
				3C4347BA1ECBBEA600CC7369 /* FilterGenderTableViewCell.swift */,
				3C4347BC1ECBC20A00CC7369 /* FilterOrgTableViewCell.swift */,
				3C691E611ECA4A8B00CD7672 /* FilterTimeTableViewCell.swift */,
				3C6A365D1EC24AFC00A58C33 /* FilterTitleTableViewCell.swift */,
			);
			name = "Filter Cells";
			sourceTree = "<group>";
		};
		3CBDDCAA1E48EA1D00F211F5 /* Protocols */ = {
			isa = PBXGroup;
			children = (
				3CBDDCAB1E48FC2F00F211F5 /* ControllerProtocols.swift */,
			);
			name = Protocols;
			sourceTree = "<group>";
		};
		3CE4C8C61DCA824100AAFB31 = {
			isa = PBXGroup;
			children = (
				3CE4C8D11DCA824100AAFB31 /* Calling Workflow */,
				3CE4C8E81DCA824100AAFB31 /* Calling WorkflowTests */,
				3CE4C8F31DCA824100AAFB31 /* Calling WorkflowUITests */,
				3CE4C8D01DCA824100AAFB31 /* Products */,
				54D65419074475DAFA97D914 /* Pods */,
				3A65547E098349B931D50703 /* Frameworks */,
			);
			sourceTree = "<group>";
		};
		3CE4C8D01DCA824100AAFB31 /* Products */ = {
			isa = PBXGroup;
			children = (
				3CE4C8CF1DCA824100AAFB31 /* Calling Workflow.app */,
				3CE4C8E51DCA824100AAFB31 /* Calling WorkflowTests.xctest */,
				3CE4C8F01DCA824100AAFB31 /* Calling WorkflowUITests.xctest */,
			);
			name = Products;
			sourceTree = "<group>";
		};
		3CE4C8D11DCA824100AAFB31 /* Calling Workflow */ = {
			isa = PBXGroup;
			children = (
				3CE4C8D21DCA824100AAFB31 /* AppDelegate.swift */,
				3CE4C9051DCA82A000AAFB31 /* Constants.swift */,
				E8F959631E30129700C13EC9 /* CWFCallingManagerService.swift */,
				E8084F8B1E088A870077FDAE /* DataSource.swift */,
				3CE4C9071DCA82A000AAFB31 /* JSON.swift */,
				E8316CE71E26AC1E0091419D /* LdscdRestApi.swift */,
				E8F959641E30129700C13EC9 /* LdsFileApi.swift */,
				E8F959651E30129700C13EC9 /* LdsOrgApi.swift */,
				E8316CE81E26AC1E0091419D /* LdsRestApi.swift */,
				3CE4C90B1DCA82A000AAFB31 /* RemoteDataSource.swift */,
				3CE4C90C1DCA82A000AAFB31 /* RestAPI.swift */,
				3CE4C8D81DCA824100AAFB31 /* Main.storyboard */,
				3CE4C9531DCA9BE800AAFB31 /* Controllers */,
				E8B6CF1A1DF8CF0C0080097F /* Extensions */,
				3CE4C9521DCA9A6100AAFB31 /* Model */,
				3CEBAF491DD151400071BE9F /* Support Files */,
			);
			path = "Calling Workflow";
			sourceTree = "<group>";
		};
		3CE4C8E81DCA824100AAFB31 /* Calling WorkflowTests */ = {
			isa = PBXGroup;
			children = (
				E8316CEB1E26AD4F0091419D /* RestAPITests.swift */,
				E8084F7B1E046D5D0077FDAE /* DateExtensions.swift */,
				E841701D1E7C767A00A5C049 /* reconcile-test-orgs.js */,
				E8CC95691E01E722007EBA47 /* member-objects.js */,
				E8A91ED21EB7C7C90061EC12 /* position-metadata.js */,
				E8189A881DDA2D4600E983D4 /* cwf-object.js */,
				E8F9596D1E3026AC00C13EC9 /* org-callings.js */,
				E8189A891DDA2D4600E983D4 /* ModelTests.swift */,
				3CE4C8E91DCA824100AAFB31 /* Calling_WorkflowTests.swift */,
				3CE4C8EB1DCA824100AAFB31 /* Info.plist */,
				E8CC956B1E01E77F007EBA47 /* MemberTests.swift */,
				E8B13CCB1E3BD80A004FD60C /* DataSourceTests.swift */,
				E85E7EE31E49223B00CE05CD /* CallingManagerServiceTests.swift */,
			);
			path = "Calling WorkflowTests";
			sourceTree = "<group>";
		};
		3CE4C8F31DCA824100AAFB31 /* Calling WorkflowUITests */ = {
			isa = PBXGroup;
			children = (
				3CE4C8F41DCA824100AAFB31 /* Calling_WorkflowUITests.swift */,
				3CE4C8F61DCA824100AAFB31 /* Info.plist */,
			);
			path = "Calling WorkflowUITests";
			sourceTree = "<group>";
		};
		3CE4C9521DCA9A6100AAFB31 /* Model */ = {
			isa = PBXGroup;
			children = (
				E841701B1E79B4D600A5C049 /* ModelEnums.swift */,
				E8084F811E0476F80077FDAE /* Calling.swift */,
				E8084F821E0476F80077FDAE /* Org.swift */,
				E8084F831E0476F80077FDAE /* Position.swift */,
				E8084F841E0476F80077FDAE /* UnitLevelOrgType.swift */,
				3CEBAF441DCD0FBF0071BE9F /* Member.swift */,
				E87A9E7E1E01FC6A00A7A618 /* Utils.swift */,
				E87A9E801E0308E800A7A618 /* HTVTMemberParser.swift */,
				E87D00B91E26EF7000FA722B /* LdsUser.swift */,
				E875C58D1EB2926800E04499 /* PositionRequirements.swift */,
				E875C58F1EB3BC8300E04499 /* PositionMetadata.swift */,
			);
			name = Model;
			sourceTree = "<group>";
		};
		3CE4C9531DCA9BE800AAFB31 /* Controllers */ = {
			isa = PBXGroup;
			children = (
				3C8300F21E3698DD00FD0D34 /* CallingDetailsTableViewController.swift */,
				3CEBAF401DCD0D160071BE9F /* CallingsTableViewController.swift */,
				3CEBAF421DCD0E010071BE9F /* DirectoryTableViewController.swift */,
				3CE4C8D41DCA824100AAFB31 /* FirstViewController.swift */,
				3C20DF641DD3A4C400F9847E /* LDSCredentialsViewController.swift */,
				3C0994D11E451AC500926094 /* MemberPickerTableViewController.swift */,
				3C0E017F1E4D26100014D32B /* NewCallingTableViewController.swift */,
				E8084F891E04814F0077FDAE /* OrganizationTableViewController.swift */,
				3C20DF601DD28A3B00F9847E /* OrgDetailTableViewController.swift */,
				3C20DF621DD399C600F9847E /* SettingsTableViewController.swift */,
				3CED843E1E0AEF7C0023721E /* Base Controllers */,
				3CBDDCAA1E48EA1D00F211F5 /* Protocols */,
				3CEBAF461DD14A630071BE9F /* TableViewCells */,
			);
			name = Controllers;
			sourceTree = "<group>";
		};
		3CEBAF461DD14A630071BE9F /* TableViewCells */ = {
			isa = PBXGroup;
			children = (
				3C6A365C1EC24AB100A58C33 /* Filter Cells */,
				3CEBAF471DD14AB20071BE9F /* NameCallingProposedTableViewCell.swift */,
				3C20DF661DD3AFC100F9847E /* InputTableViewCell.swift */,
				3C8300F41E36A20400FD0D34 /* DataSubdataTableViewCell.swift */,
				3C0994D31E451E4A00926094 /* TitleAdjustableSubtitleTableViewCell.swift */,
				3CBDDCAD1E49345100F211F5 /* LeftTitleRightLabelTableViewCell.swift */,
				3C0AA6E31E4A86670086525D /* OneRightTwoLeftTableViewCell.swift */,
				3C76FBA01E52693B008C4A61 /* SingleFieldTableViewCell.swift */,
				3C9298B11E5E314000A6339B /* NotesTableViewCell.swift */,
				3C3CF3B51E71F20A00143868 /* CWFAccordionRootTableViewCell.swift */,
				3C3CF3B71E71FB2300143868 /* CWFAccordionChildTableViewCell.swift */,
				3CA55F391E9D7D7400022D52 /* CWFButtonTableViewCell.swift */,
			);
			name = TableViewCells;
			sourceTree = "<group>";
		};
		3CEBAF491DD151400071BE9F /* Support Files */ = {
			isa = PBXGroup;
			children = (
				E899562C1EA029D4001032E5 /* Calling Workflow-Bridging-Header.h */,
				E8189A921DDA74E700E983D4 /* cwf-object.js */,
				E8F959661E30129700C13EC9 /* member-objects.js */,
				E8F959671E30129700C13EC9 /* org-callings.js */,
				E8A91ED01EB7C7910061EC12 /* position-metadata.js */,
				E875C58B1EAE7E5C00E04499 /* current-user.js */,
				3CE4C9061DCA82A000AAFB31 /* GoogleService-Info.plist */,
				3CE4C8E01DCA824100AAFB31 /* Info.plist */,
				3CE4C9021DCA82A000AAFB31 /* AppConfig.swift */,
				3CE4C8DB1DCA824100AAFB31 /* Assets.xcassets */,
				3CE4C8DD1DCA824100AAFB31 /* LaunchScreen.storyboard */,
			);
			name = "Support Files";
			sourceTree = "<group>";
		};
		3CED843E1E0AEF7C0023721E /* Base Controllers */ = {
			isa = PBXGroup;
			children = (
				3C0E01811E4D42740014D32B /* ViewUtils.swift */,
				3CA596FC1E08593C00109B27 /* CWFBaseTableViewController.swift */,
				3CA596FD1E08593C00109B27 /* RootTabBarViewController.swift */,
				3C4409C81E3BEE9400484935 /* CWFStatusPickerView.swift */,
				3C88170E1E68D8A10037151B /* MemberInfoView.swift */,
				3C11A31E1E70C14D00EC9F38 /* CWFAccordionTableViewController.swift */,
				3C6A365A1EC23D4600A58C33 /* FilterTableViewController.swift */,
				3CB192001EC6801E0098AD1C /* FilterButton.swift */,
			);
			name = "Base Controllers";
			sourceTree = "<group>";
		};
		54D65419074475DAFA97D914 /* Pods */ = {
			isa = PBXGroup;
			children = (
				13B71D74706DCB4A0F623EBE /* Pods-Calling Workflow.debug.xcconfig */,
				403F3DEDFCDAEFE6861B2C7D /* Pods-Calling Workflow.release.xcconfig */,
				E44CDBB5DE5984D9F73C386E /* Pods-Calling WorkflowTests.debug.xcconfig */,
				D54A3B58DD7D62D3E57ECD6A /* Pods-Calling WorkflowTests.release.xcconfig */,
				186DC4A209D5B238D4E39AD8 /* Pods-Calling WorkflowUITests.debug.xcconfig */,
				6D38D054678C0286D5B46AE4 /* Pods-Calling WorkflowUITests.release.xcconfig */,
				E6E8A65D7DF5035C4EDB912A /* Pods-Calling Workflow-Calling WorkflowTests.debug.xcconfig */,
				7E8535CC796BD9EEEBC88147 /* Pods-Calling Workflow-Calling WorkflowTests.release.xcconfig */,
			);
			name = Pods;
			sourceTree = "<group>";
		};
		E8B6CF1A1DF8CF0C0080097F /* Extensions */ = {
			isa = PBXGroup;
			children = (
				E8B13CC91E3BC749004FD60C /* DateExtensions.swift */,
				E8084F7D1E0476C10077FDAE /* DataExtensions.swift */,
				E8084F7E1E0476C10077FDAE /* CollectionExtensions.swift */,
				E85E7EE51E53B6D700CE05CD /* MultiValueDictionary.swift */,
				3C866F001E6F681B00BD6DDA /* UIColorExtension.swift */,
				3CB191FE1EC67E330098AD1C /* UIButtonExtensions.swift */,
			);
			name = Extensions;
			sourceTree = "<group>";
		};
/* End PBXGroup section */

/* Begin PBXNativeTarget section */
		3CE4C8CE1DCA824100AAFB31 /* Calling Workflow */ = {
			isa = PBXNativeTarget;
			buildConfigurationList = 3CE4C8F91DCA824100AAFB31 /* Build configuration list for PBXNativeTarget "Calling Workflow" */;
			buildPhases = (
				DA023DFD27EBA61BBBFF8B4E /* [CP] Check Pods Manifest.lock */,
				3CE4C8CB1DCA824100AAFB31 /* Sources */,
				3CE4C8CC1DCA824100AAFB31 /* Frameworks */,
				3CE4C8CD1DCA824100AAFB31 /* Resources */,
				5909DD1CDD9CC230ECA10EE1 /* [CP] Embed Pods Frameworks */,
				8E6950FB36AC6BB56B7DDA52 /* [CP] Copy Pods Resources */,
			);
			buildRules = (
			);
			dependencies = (
			);
			name = "Calling Workflow";
			productName = "Calling Workflow";
			productReference = 3CE4C8CF1DCA824100AAFB31 /* Calling Workflow.app */;
			productType = "com.apple.product-type.application";
		};
		3CE4C8E41DCA824100AAFB31 /* Calling WorkflowTests */ = {
			isa = PBXNativeTarget;
			buildConfigurationList = 3CE4C8FC1DCA824100AAFB31 /* Build configuration list for PBXNativeTarget "Calling WorkflowTests" */;
			buildPhases = (
				B8CD9E037028A0AFA78482E4 /* [CP] Check Pods Manifest.lock */,
				3CE4C8E11DCA824100AAFB31 /* Sources */,
				3CE4C8E21DCA824100AAFB31 /* Frameworks */,
				3CE4C8E31DCA824100AAFB31 /* Resources */,
				56D0F2BC4BE3C2459732C2CB /* [CP] Embed Pods Frameworks */,
				3A519810D5CAE8F6183AC440 /* [CP] Copy Pods Resources */,
			);
			buildRules = (
			);
			dependencies = (
				3CE4C8E71DCA824100AAFB31 /* PBXTargetDependency */,
			);
			name = "Calling WorkflowTests";
			productName = "Calling WorkflowTests";
			productReference = 3CE4C8E51DCA824100AAFB31 /* Calling WorkflowTests.xctest */;
			productType = "com.apple.product-type.bundle.unit-test";
		};
		3CE4C8EF1DCA824100AAFB31 /* Calling WorkflowUITests */ = {
			isa = PBXNativeTarget;
			buildConfigurationList = 3CE4C8FF1DCA824100AAFB31 /* Build configuration list for PBXNativeTarget "Calling WorkflowUITests" */;
			buildPhases = (
				6ED4BFD10D12A416C200AD66 /* [CP] Check Pods Manifest.lock */,
				3CE4C8EC1DCA824100AAFB31 /* Sources */,
				3CE4C8ED1DCA824100AAFB31 /* Frameworks */,
				3CE4C8EE1DCA824100AAFB31 /* Resources */,
				9194A4EB91B7C257E0352AA2 /* [CP] Embed Pods Frameworks */,
				A443C3EBA1237FE26A822244 /* [CP] Copy Pods Resources */,
			);
			buildRules = (
			);
			dependencies = (
				3CE4C8F21DCA824100AAFB31 /* PBXTargetDependency */,
			);
			name = "Calling WorkflowUITests";
			productName = "Calling WorkflowUITests";
			productReference = 3CE4C8F01DCA824100AAFB31 /* Calling WorkflowUITests.xctest */;
			productType = "com.apple.product-type.bundle.ui-testing";
		};
/* End PBXNativeTarget section */

/* Begin PBXProject section */
		3CE4C8C71DCA824100AAFB31 /* Project object */ = {
			isa = PBXProject;
			attributes = {
				LastSwiftUpdateCheck = 0810;
				LastUpgradeCheck = 0810;
				ORGANIZATIONNAME = colsen;
				TargetAttributes = {
					3CE4C8CE1DCA824100AAFB31 = {
						CreatedOnToolsVersion = 8.1;
						DevelopmentTeam = 42MR5LM3U2;
						LastSwiftMigration = 0830;
						ProvisioningStyle = Automatic;
					};
					3CE4C8E41DCA824100AAFB31 = {
						CreatedOnToolsVersion = 8.1;
						DevelopmentTeam = 42MR5LM3U2;
						ProvisioningStyle = Automatic;
						TestTargetID = 3CE4C8CE1DCA824100AAFB31;
					};
					3CE4C8EF1DCA824100AAFB31 = {
						CreatedOnToolsVersion = 8.1;
						DevelopmentTeam = 42MR5LM3U2;
						ProvisioningStyle = Automatic;
						TestTargetID = 3CE4C8CE1DCA824100AAFB31;
					};
				};
			};
			buildConfigurationList = 3CE4C8CA1DCA824100AAFB31 /* Build configuration list for PBXProject "Calling Workflow" */;
			compatibilityVersion = "Xcode 3.2";
			developmentRegion = English;
			hasScannedForEncodings = 0;
			knownRegions = (
				en,
				Base,
			);
			mainGroup = 3CE4C8C61DCA824100AAFB31;
			productRefGroup = 3CE4C8D01DCA824100AAFB31 /* Products */;
			projectDirPath = "";
			projectRoot = "";
			targets = (
				3CE4C8CE1DCA824100AAFB31 /* Calling Workflow */,
				3CE4C8E41DCA824100AAFB31 /* Calling WorkflowTests */,
				3CE4C8EF1DCA824100AAFB31 /* Calling WorkflowUITests */,
			);
		};
/* End PBXProject section */

/* Begin PBXResourcesBuildPhase section */
		3CE4C8CD1DCA824100AAFB31 /* Resources */ = {
			isa = PBXResourcesBuildPhase;
			buildActionMask = 2147483647;
			files = (
				3CE4C8DF1DCA824100AAFB31 /* LaunchScreen.storyboard in Resources */,
				E8A91ED11EB7C7910061EC12 /* position-metadata.js in Resources */,
				E875C58C1EAE7E5C00E04499 /* current-user.js in Resources */,
				3CE4C9111DCA82A000AAFB31 /* GoogleService-Info.plist in Resources */,
				E8F9596C1E30129700C13EC9 /* org-callings.js in Resources */,
				3CE4C8DC1DCA824100AAFB31 /* Assets.xcassets in Resources */,
				E8F9596B1E30129700C13EC9 /* member-objects.js in Resources */,
				3CE4C8DA1DCA824100AAFB31 /* Main.storyboard in Resources */,
				E8189A931DDA74E700E983D4 /* cwf-object.js in Resources */,
			);
			runOnlyForDeploymentPostprocessing = 0;
		};
		3CE4C8E31DCA824100AAFB31 /* Resources */ = {
			isa = PBXResourcesBuildPhase;
			buildActionMask = 2147483647;
			files = (
				E8A91ED31EB7C7C90061EC12 /* position-metadata.js in Resources */,
				E8189A8A1DDA2D4600E983D4 /* cwf-object.js in Resources */,
				E8CC956A1E01E722007EBA47 /* member-objects.js in Resources */,
				E841701E1E7C767A00A5C049 /* reconcile-test-orgs.js in Resources */,
				E8F9596E1E3026AC00C13EC9 /* org-callings.js in Resources */,
			);
			runOnlyForDeploymentPostprocessing = 0;
		};
		3CE4C8EE1DCA824100AAFB31 /* Resources */ = {
			isa = PBXResourcesBuildPhase;
			buildActionMask = 2147483647;
			files = (
			);
			runOnlyForDeploymentPostprocessing = 0;
		};
/* End PBXResourcesBuildPhase section */

/* Begin PBXShellScriptBuildPhase section */
		3A519810D5CAE8F6183AC440 /* [CP] Copy Pods Resources */ = {
			isa = PBXShellScriptBuildPhase;
			buildActionMask = 2147483647;
			files = (
			);
			inputPaths = (
			);
			name = "[CP] Copy Pods Resources";
			outputPaths = (
			);
			runOnlyForDeploymentPostprocessing = 0;
			shellPath = /bin/sh;
			shellScript = "\"${SRCROOT}/Pods/Target Support Files/Pods-Calling Workflow-Calling WorkflowTests/Pods-Calling Workflow-Calling WorkflowTests-resources.sh\"\n";
			showEnvVarsInLog = 0;
		};
		56D0F2BC4BE3C2459732C2CB /* [CP] Embed Pods Frameworks */ = {
			isa = PBXShellScriptBuildPhase;
			buildActionMask = 2147483647;
			files = (
			);
			inputPaths = (
			);
			name = "[CP] Embed Pods Frameworks";
			outputPaths = (
			);
			runOnlyForDeploymentPostprocessing = 0;
			shellPath = /bin/sh;
			shellScript = "\"${SRCROOT}/Pods/Target Support Files/Pods-Calling Workflow-Calling WorkflowTests/Pods-Calling Workflow-Calling WorkflowTests-frameworks.sh\"\n";
			showEnvVarsInLog = 0;
		};
		5909DD1CDD9CC230ECA10EE1 /* [CP] Embed Pods Frameworks */ = {
			isa = PBXShellScriptBuildPhase;
			buildActionMask = 2147483647;
			files = (
			);
			inputPaths = (
			);
			name = "[CP] Embed Pods Frameworks";
			outputPaths = (
			);
			runOnlyForDeploymentPostprocessing = 0;
			shellPath = /bin/sh;
			shellScript = "\"${SRCROOT}/Pods/Target Support Files/Pods-Calling Workflow/Pods-Calling Workflow-frameworks.sh\"\n";
			showEnvVarsInLog = 0;
		};
		6ED4BFD10D12A416C200AD66 /* [CP] Check Pods Manifest.lock */ = {
			isa = PBXShellScriptBuildPhase;
			buildActionMask = 2147483647;
			files = (
			);
			inputPaths = (
			);
			name = "[CP] Check Pods Manifest.lock";
			outputPaths = (
			);
			runOnlyForDeploymentPostprocessing = 0;
			shellPath = /bin/sh;
			shellScript = "diff \"${PODS_ROOT}/../Podfile.lock\" \"${PODS_ROOT}/Manifest.lock\" > /dev/null\nif [ $? != 0 ] ; then\n    # print error to STDERR\n    echo \"error: The sandbox is not in sync with the Podfile.lock. Run 'pod install' or update your CocoaPods installation.\" >&2\n    exit 1\nfi\n";
			showEnvVarsInLog = 0;
		};
		8E6950FB36AC6BB56B7DDA52 /* [CP] Copy Pods Resources */ = {
			isa = PBXShellScriptBuildPhase;
			buildActionMask = 2147483647;
			files = (
			);
			inputPaths = (
			);
			name = "[CP] Copy Pods Resources";
			outputPaths = (
			);
			runOnlyForDeploymentPostprocessing = 0;
			shellPath = /bin/sh;
			shellScript = "\"${SRCROOT}/Pods/Target Support Files/Pods-Calling Workflow/Pods-Calling Workflow-resources.sh\"\n";
			showEnvVarsInLog = 0;
		};
		9194A4EB91B7C257E0352AA2 /* [CP] Embed Pods Frameworks */ = {
			isa = PBXShellScriptBuildPhase;
			buildActionMask = 2147483647;
			files = (
			);
			inputPaths = (
			);
			name = "[CP] Embed Pods Frameworks";
			outputPaths = (
			);
			runOnlyForDeploymentPostprocessing = 0;
			shellPath = /bin/sh;
			shellScript = "\"${SRCROOT}/Pods/Target Support Files/Pods-Calling WorkflowUITests/Pods-Calling WorkflowUITests-frameworks.sh\"\n";
			showEnvVarsInLog = 0;
		};
		A443C3EBA1237FE26A822244 /* [CP] Copy Pods Resources */ = {
			isa = PBXShellScriptBuildPhase;
			buildActionMask = 2147483647;
			files = (
			);
			inputPaths = (
			);
			name = "[CP] Copy Pods Resources";
			outputPaths = (
			);
			runOnlyForDeploymentPostprocessing = 0;
			shellPath = /bin/sh;
			shellScript = "\"${SRCROOT}/Pods/Target Support Files/Pods-Calling WorkflowUITests/Pods-Calling WorkflowUITests-resources.sh\"\n";
			showEnvVarsInLog = 0;
		};
		B8CD9E037028A0AFA78482E4 /* [CP] Check Pods Manifest.lock */ = {
			isa = PBXShellScriptBuildPhase;
			buildActionMask = 2147483647;
			files = (
			);
			inputPaths = (
			);
			name = "[CP] Check Pods Manifest.lock";
			outputPaths = (
			);
			runOnlyForDeploymentPostprocessing = 0;
			shellPath = /bin/sh;
			shellScript = "diff \"${PODS_ROOT}/../Podfile.lock\" \"${PODS_ROOT}/Manifest.lock\" > /dev/null\nif [ $? != 0 ] ; then\n    # print error to STDERR\n    echo \"error: The sandbox is not in sync with the Podfile.lock. Run 'pod install' or update your CocoaPods installation.\" >&2\n    exit 1\nfi\n";
			showEnvVarsInLog = 0;
		};
		DA023DFD27EBA61BBBFF8B4E /* [CP] Check Pods Manifest.lock */ = {
			isa = PBXShellScriptBuildPhase;
			buildActionMask = 2147483647;
			files = (
			);
			inputPaths = (
			);
			name = "[CP] Check Pods Manifest.lock";
			outputPaths = (
			);
			runOnlyForDeploymentPostprocessing = 0;
			shellPath = /bin/sh;
			shellScript = "diff \"${PODS_ROOT}/../Podfile.lock\" \"${PODS_ROOT}/Manifest.lock\" > /dev/null\nif [ $? != 0 ] ; then\n    # print error to STDERR\n    echo \"error: The sandbox is not in sync with the Podfile.lock. Run 'pod install' or update your CocoaPods installation.\" >&2\n    exit 1\nfi\n";
			showEnvVarsInLog = 0;
		};
/* End PBXShellScriptBuildPhase section */

/* Begin PBXSourcesBuildPhase section */
		3CE4C8CB1DCA824100AAFB31 /* Sources */ = {
			isa = PBXSourcesBuildPhase;
			buildActionMask = 2147483647;
			files = (
				E8084F8C1E088A870077FDAE /* DataSource.swift in Sources */,
				3C0994D41E451E4A00926094 /* TitleAdjustableSubtitleTableViewCell.swift in Sources */,
				3C20DF671DD3AFC100F9847E /* InputTableViewCell.swift in Sources */,
				E8084F7F1E0476C10077FDAE /* DataExtensions.swift in Sources */,
				E841701C1E79B4D600A5C049 /* ModelEnums.swift in Sources */,
				E875C58E1EB2926800E04499 /* PositionRequirements.swift in Sources */,
				E8316CE91E26AC1E0091419D /* LdscdRestApi.swift in Sources */,
				3CB192011EC6801E0098AD1C /* FilterButton.swift in Sources */,
				3CEBAF431DCD0E010071BE9F /* DirectoryTableViewController.swift in Sources */,
				E85E7EE61E53B6D700CE05CD /* MultiValueDictionary.swift in Sources */,
				E87A9E7F1E01FC6A00A7A618 /* Utils.swift in Sources */,
				3CBDDCAE1E49345100F211F5 /* LeftTitleRightLabelTableViewCell.swift in Sources */,
				E8084F861E0476F80077FDAE /* Org.swift in Sources */,
				3C20DF611DD28A3B00F9847E /* OrgDetailTableViewController.swift in Sources */,
				3CE4C90D1DCA82A000AAFB31 /* AppConfig.swift in Sources */,
				3C11A31F1E70C14D00EC9F38 /* CWFAccordionTableViewController.swift in Sources */,
				3C0E01821E4D42740014D32B /* ViewUtils.swift in Sources */,
				3C3CF3B81E71FB2300143868 /* CWFAccordionChildTableViewCell.swift in Sources */,
				E8B13CCA1E3BC749004FD60C /* DateExtensions.swift in Sources */,
				3CA596FF1E08593C00109B27 /* RootTabBarViewController.swift in Sources */,
				3C4347BD1ECBC20A00CC7369 /* FilterOrgTableViewCell.swift in Sources */,
				3CBDDCAC1E48FC2F00F211F5 /* ControllerProtocols.swift in Sources */,
				3C866F011E6F681B00BD6DDA /* UIColorExtension.swift in Sources */,
				3CE4C9161DCA82A000AAFB31 /* RemoteDataSource.swift in Sources */,
				E87D00BA1E26EF7000FA722B /* LdsUser.swift in Sources */,
				3C0E01801E4D26100014D32B /* NewCallingTableViewController.swift in Sources */,
				E8084F871E0476F80077FDAE /* Position.swift in Sources */,
				3C8300F51E36A20400FD0D34 /* DataSubdataTableViewCell.swift in Sources */,
				3C2D0C521ECCFA39009A1511 /* FilterApplyButtonTableViewCell.swift in Sources */,
				3CEBAF481DD14AB20071BE9F /* NameCallingProposedTableViewCell.swift in Sources */,
				3C4347B91ECBA60400CC7369 /* FilterBaseTableViewCell.swift in Sources */,
				E8084F881E0476F80077FDAE /* UnitLevelOrgType.swift in Sources */,
				3C0994D21E451AC500926094 /* MemberPickerTableViewController.swift in Sources */,
				3C3CF3B61E71F20A00143868 /* CWFAccordionRootTableViewCell.swift in Sources */,
				3CE4C8D31DCA824100AAFB31 /* AppDelegate.swift in Sources */,
				3C691E621ECA4A8B00CD7672 /* FilterTimeTableViewCell.swift in Sources */,
				3CA596FE1E08593C00109B27 /* CWFBaseTableViewController.swift in Sources */,
				3C6A365E1EC24AFC00A58C33 /* FilterTitleTableViewCell.swift in Sources */,
				3CE4C9101DCA82A000AAFB31 /* Constants.swift in Sources */,
				3CE4C8D51DCA824100AAFB31 /* FirstViewController.swift in Sources */,
				3CEBAF411DCD0D160071BE9F /* CallingsTableViewController.swift in Sources */,
				3CE4C9171DCA82A000AAFB31 /* RestAPI.swift in Sources */,
				E8084F8A1E04814F0077FDAE /* OrganizationTableViewController.swift in Sources */,
				3C20DF631DD399C600F9847E /* SettingsTableViewController.swift in Sources */,
				3C76FBA11E52693B008C4A61 /* SingleFieldTableViewCell.swift in Sources */,
				3C8300F31E3698DD00FD0D34 /* CallingDetailsTableViewController.swift in Sources */,
				E8084F801E0476C10077FDAE /* CollectionExtensions.swift in Sources */,
				3C0AA6E41E4A86670086525D /* OneRightTwoLeftTableViewCell.swift in Sources */,
				E8F9596A1E30129700C13EC9 /* LdsOrgApi.swift in Sources */,
				3CB191FB1EC639170098AD1C /* FilterCallingNumberTableViewCell.swift in Sources */,
				3CB191FF1EC67E330098AD1C /* UIButtonExtensions.swift in Sources */,
				E8316CEA1E26AC1E0091419D /* LdsRestApi.swift in Sources */,
				3C20DF651DD3A4C400F9847E /* LDSCredentialsViewController.swift in Sources */,
				3CA55F3A1E9D7D7400022D52 /* CWFButtonTableViewCell.swift in Sources */,
				E8084F851E0476F80077FDAE /* Calling.swift in Sources */,
				E87A9E811E0308E800A7A618 /* HTVTMemberParser.swift in Sources */,
				3C4347BB1ECBBEA600CC7369 /* FilterGenderTableViewCell.swift in Sources */,
				3C4409C91E3BEE9400484935 /* CWFStatusPickerView.swift in Sources */,
				3C6A365B1EC23D4600A58C33 /* FilterTableViewController.swift in Sources */,
				3CE4C9121DCA82A000AAFB31 /* JSON.swift in Sources */,
				3CEBAF451DCD0FBF0071BE9F /* Member.swift in Sources */,
				E8F959681E30129700C13EC9 /* CWFCallingManagerService.swift in Sources */,
				E8F959691E30129700C13EC9 /* LdsFileApi.swift in Sources */,
				3C4347B71ECB97FC00CC7369 /* FilterAgeTableViewCell.swift in Sources */,
				3C9298B21E5E314000A6339B /* NotesTableViewCell.swift in Sources */,
				3C88170F1E68D8A10037151B /* MemberInfoView.swift in Sources */,
				E875C5901EB3BC8300E04499 /* PositionMetadata.swift in Sources */,
			);
			runOnlyForDeploymentPostprocessing = 0;
		};
		3CE4C8E11DCA824100AAFB31 /* Sources */ = {
			isa = PBXSourcesBuildPhase;
			buildActionMask = 2147483647;
			files = (
				E8B13CCC1E3BD80A004FD60C /* DataSourceTests.swift in Sources */,
				E8316CEC1E26AD4F0091419D /* RestAPITests.swift in Sources */,
				E85E7EE41E49223B00CE05CD /* CallingManagerServiceTests.swift in Sources */,
				3CE4C8EA1DCA824100AAFB31 /* Calling_WorkflowTests.swift in Sources */,
				E8084F7C1E046D5D0077FDAE /* DateExtensions.swift in Sources */,
				E8CC956C1E01E77F007EBA47 /* MemberTests.swift in Sources */,
				E8189A8B1DDA2D4600E983D4 /* ModelTests.swift in Sources */,
			);
			runOnlyForDeploymentPostprocessing = 0;
		};
		3CE4C8EC1DCA824100AAFB31 /* Sources */ = {
			isa = PBXSourcesBuildPhase;
			buildActionMask = 2147483647;
			files = (
				3CE4C8F51DCA824100AAFB31 /* Calling_WorkflowUITests.swift in Sources */,
			);
			runOnlyForDeploymentPostprocessing = 0;
		};
/* End PBXSourcesBuildPhase section */

/* Begin PBXTargetDependency section */
		3CE4C8E71DCA824100AAFB31 /* PBXTargetDependency */ = {
			isa = PBXTargetDependency;
			target = 3CE4C8CE1DCA824100AAFB31 /* Calling Workflow */;
			targetProxy = 3CE4C8E61DCA824100AAFB31 /* PBXContainerItemProxy */;
		};
		3CE4C8F21DCA824100AAFB31 /* PBXTargetDependency */ = {
			isa = PBXTargetDependency;
			target = 3CE4C8CE1DCA824100AAFB31 /* Calling Workflow */;
			targetProxy = 3CE4C8F11DCA824100AAFB31 /* PBXContainerItemProxy */;
		};
/* End PBXTargetDependency section */

/* Begin PBXVariantGroup section */
		3CE4C8D81DCA824100AAFB31 /* Main.storyboard */ = {
			isa = PBXVariantGroup;
			children = (
				3CE4C8D91DCA824100AAFB31 /* Base */,
			);
			name = Main.storyboard;
			sourceTree = "<group>";
		};
		3CE4C8DD1DCA824100AAFB31 /* LaunchScreen.storyboard */ = {
			isa = PBXVariantGroup;
			children = (
				3CE4C8DE1DCA824100AAFB31 /* Base */,
			);
			name = LaunchScreen.storyboard;
			sourceTree = "<group>";
		};
/* End PBXVariantGroup section */

/* Begin XCBuildConfiguration section */
		3CE4C8F71DCA824100AAFB31 /* Debug */ = {
			isa = XCBuildConfiguration;
			buildSettings = {
				ALWAYS_SEARCH_USER_PATHS = NO;
				CLANG_ANALYZER_NONNULL = YES;
				CLANG_CXX_LANGUAGE_STANDARD = "gnu++0x";
				CLANG_CXX_LIBRARY = "libc++";
				CLANG_ENABLE_MODULES = YES;
				CLANG_ENABLE_OBJC_ARC = YES;
				CLANG_WARN_BOOL_CONVERSION = YES;
				CLANG_WARN_CONSTANT_CONVERSION = YES;
				CLANG_WARN_DIRECT_OBJC_ISA_USAGE = YES_ERROR;
				CLANG_WARN_DOCUMENTATION_COMMENTS = YES;
				CLANG_WARN_EMPTY_BODY = YES;
				CLANG_WARN_ENUM_CONVERSION = YES;
				CLANG_WARN_INFINITE_RECURSION = YES;
				CLANG_WARN_INT_CONVERSION = YES;
				CLANG_WARN_OBJC_ROOT_CLASS = YES_ERROR;
				CLANG_WARN_SUSPICIOUS_MOVES = YES;
				CLANG_WARN_UNREACHABLE_CODE = YES;
				CLANG_WARN__DUPLICATE_METHOD_MATCH = YES;
				CODE_SIGN_IDENTITY = "iPhone Developer";
				"CODE_SIGN_IDENTITY[sdk=iphoneos*]" = "iPhone Developer";
				COPY_PHASE_STRIP = NO;
				DEBUG_INFORMATION_FORMAT = dwarf;
				ENABLE_STRICT_OBJC_MSGSEND = YES;
				ENABLE_TESTABILITY = YES;
				GCC_C_LANGUAGE_STANDARD = gnu99;
				GCC_DYNAMIC_NO_PIC = NO;
				GCC_NO_COMMON_BLOCKS = YES;
				GCC_OPTIMIZATION_LEVEL = 0;
				GCC_PREPROCESSOR_DEFINITIONS = (
					"DEBUG=1",
					"$(inherited)",
				);
				GCC_WARN_64_TO_32_BIT_CONVERSION = YES;
				GCC_WARN_ABOUT_RETURN_TYPE = YES_ERROR;
				GCC_WARN_UNDECLARED_SELECTOR = YES;
				GCC_WARN_UNINITIALIZED_AUTOS = YES_AGGRESSIVE;
				GCC_WARN_UNUSED_FUNCTION = YES;
				GCC_WARN_UNUSED_VARIABLE = YES;
				IPHONEOS_DEPLOYMENT_TARGET = 9.3;
				MTL_ENABLE_DEBUG_INFO = YES;
				ONLY_ACTIVE_ARCH = YES;
				SDKROOT = iphoneos;
				SWIFT_ACTIVE_COMPILATION_CONDITIONS = DEBUG;
				SWIFT_OPTIMIZATION_LEVEL = "-Onone";
				TARGETED_DEVICE_FAMILY = "1,2";
			};
			name = Debug;
		};
		3CE4C8F81DCA824100AAFB31 /* Release */ = {
			isa = XCBuildConfiguration;
			buildSettings = {
				ALWAYS_SEARCH_USER_PATHS = NO;
				CLANG_ANALYZER_NONNULL = YES;
				CLANG_CXX_LANGUAGE_STANDARD = "gnu++0x";
				CLANG_CXX_LIBRARY = "libc++";
				CLANG_ENABLE_MODULES = YES;
				CLANG_ENABLE_OBJC_ARC = YES;
				CLANG_WARN_BOOL_CONVERSION = YES;
				CLANG_WARN_CONSTANT_CONVERSION = YES;
				CLANG_WARN_DIRECT_OBJC_ISA_USAGE = YES_ERROR;
				CLANG_WARN_DOCUMENTATION_COMMENTS = YES;
				CLANG_WARN_EMPTY_BODY = YES;
				CLANG_WARN_ENUM_CONVERSION = YES;
				CLANG_WARN_INFINITE_RECURSION = YES;
				CLANG_WARN_INT_CONVERSION = YES;
				CLANG_WARN_OBJC_ROOT_CLASS = YES_ERROR;
				CLANG_WARN_SUSPICIOUS_MOVES = YES;
				CLANG_WARN_UNREACHABLE_CODE = YES;
				CLANG_WARN__DUPLICATE_METHOD_MATCH = YES;
				CODE_SIGN_IDENTITY = "iPhone Developer";
				"CODE_SIGN_IDENTITY[sdk=iphoneos*]" = "iPhone Developer";
				COPY_PHASE_STRIP = NO;
				DEBUG_INFORMATION_FORMAT = "dwarf-with-dsym";
				ENABLE_NS_ASSERTIONS = NO;
				ENABLE_STRICT_OBJC_MSGSEND = YES;
				GCC_C_LANGUAGE_STANDARD = gnu99;
				GCC_NO_COMMON_BLOCKS = YES;
				GCC_WARN_64_TO_32_BIT_CONVERSION = YES;
				GCC_WARN_ABOUT_RETURN_TYPE = YES_ERROR;
				GCC_WARN_UNDECLARED_SELECTOR = YES;
				GCC_WARN_UNINITIALIZED_AUTOS = YES_AGGRESSIVE;
				GCC_WARN_UNUSED_FUNCTION = YES;
				GCC_WARN_UNUSED_VARIABLE = YES;
				IPHONEOS_DEPLOYMENT_TARGET = 9.3;
				MTL_ENABLE_DEBUG_INFO = NO;
				SDKROOT = iphoneos;
				SWIFT_OPTIMIZATION_LEVEL = "-Owholemodule";
				TARGETED_DEVICE_FAMILY = "1,2";
				VALIDATE_PRODUCT = YES;
			};
			name = Release;
		};
		3CE4C8FA1DCA824100AAFB31 /* Debug */ = {
			isa = XCBuildConfiguration;
			baseConfigurationReference = 13B71D74706DCB4A0F623EBE /* Pods-Calling Workflow.debug.xcconfig */;
			buildSettings = {
				ALWAYS_EMBED_SWIFT_STANDARD_LIBRARIES = "${inherited}";
				ASSETCATALOG_COMPILER_APPICON_NAME = AppIcon;
				CLANG_ENABLE_MODULES = YES;
				DEVELOPMENT_TEAM = 42MR5LM3U2;
				INFOPLIST_FILE = "Calling Workflow/Info.plist";
				IPHONEOS_DEPLOYMENT_TARGET = 9.3;
				LD_RUNPATH_SEARCH_PATHS = "$(inherited) @executable_path/Frameworks";
				PRODUCT_BUNDLE_IDENTIFIER = "org.ldscd.Calling-Workflow";
				PRODUCT_NAME = "$(TARGET_NAME)";
				SWIFT_OBJC_BRIDGING_HEADER = "Calling Workflow/Calling Workflow-Bridging-Header.h";
				SWIFT_OPTIMIZATION_LEVEL = "-Onone";
				SWIFT_VERSION = 3.0;
			};
			name = Debug;
		};
		3CE4C8FB1DCA824100AAFB31 /* Release */ = {
			isa = XCBuildConfiguration;
			baseConfigurationReference = 403F3DEDFCDAEFE6861B2C7D /* Pods-Calling Workflow.release.xcconfig */;
			buildSettings = {
				ALWAYS_EMBED_SWIFT_STANDARD_LIBRARIES = "${inherited}";
				ASSETCATALOG_COMPILER_APPICON_NAME = AppIcon;
				CLANG_ENABLE_MODULES = YES;
				DEVELOPMENT_TEAM = 42MR5LM3U2;
				INFOPLIST_FILE = "Calling Workflow/Info.plist";
				IPHONEOS_DEPLOYMENT_TARGET = 9.3;
				LD_RUNPATH_SEARCH_PATHS = "$(inherited) @executable_path/Frameworks";
				PRODUCT_BUNDLE_IDENTIFIER = "org.ldscd.Calling-Workflow";
				PRODUCT_NAME = "$(TARGET_NAME)";
				SWIFT_OBJC_BRIDGING_HEADER = "Calling Workflow/Calling Workflow-Bridging-Header.h";
				SWIFT_VERSION = 3.0;
			};
			name = Release;
		};
		3CE4C8FD1DCA824100AAFB31 /* Debug */ = {
			isa = XCBuildConfiguration;
			baseConfigurationReference = E6E8A65D7DF5035C4EDB912A /* Pods-Calling Workflow-Calling WorkflowTests.debug.xcconfig */;
			buildSettings = {
				ALWAYS_EMBED_SWIFT_STANDARD_LIBRARIES = "$(inherited)";
				BUNDLE_LOADER = "$(TEST_HOST)";
				DEVELOPMENT_TEAM = 42MR5LM3U2;
				INFOPLIST_FILE = "Calling WorkflowTests/Info.plist";
				LD_RUNPATH_SEARCH_PATHS = "$(inherited) @executable_path/Frameworks @loader_path/Frameworks";
				PRODUCT_BUNDLE_IDENTIFIER = "org.ldscd.Calling-WorkflowTests";
				PRODUCT_NAME = "$(TARGET_NAME)";
				SWIFT_VERSION = 3.0;
				TEST_HOST = "$(BUILT_PRODUCTS_DIR)/Calling Workflow.app/Calling Workflow";
			};
			name = Debug;
		};
		3CE4C8FE1DCA824100AAFB31 /* Release */ = {
			isa = XCBuildConfiguration;
			baseConfigurationReference = 7E8535CC796BD9EEEBC88147 /* Pods-Calling Workflow-Calling WorkflowTests.release.xcconfig */;
			buildSettings = {
				ALWAYS_EMBED_SWIFT_STANDARD_LIBRARIES = "$(inherited)";
				BUNDLE_LOADER = "$(TEST_HOST)";
				DEVELOPMENT_TEAM = 42MR5LM3U2;
				INFOPLIST_FILE = "Calling WorkflowTests/Info.plist";
				LD_RUNPATH_SEARCH_PATHS = "$(inherited) @executable_path/Frameworks @loader_path/Frameworks";
				PRODUCT_BUNDLE_IDENTIFIER = "org.ldscd.Calling-WorkflowTests";
				PRODUCT_NAME = "$(TARGET_NAME)";
				SWIFT_VERSION = 3.0;
				TEST_HOST = "$(BUILT_PRODUCTS_DIR)/Calling Workflow.app/Calling Workflow";
			};
			name = Release;
		};
		3CE4C9001DCA824100AAFB31 /* Debug */ = {
			isa = XCBuildConfiguration;
			baseConfigurationReference = 186DC4A209D5B238D4E39AD8 /* Pods-Calling WorkflowUITests.debug.xcconfig */;
			buildSettings = {
				ALWAYS_EMBED_SWIFT_STANDARD_LIBRARIES = "$(inherited)";
				DEVELOPMENT_TEAM = 42MR5LM3U2;
				INFOPLIST_FILE = "Calling WorkflowUITests/Info.plist";
				LD_RUNPATH_SEARCH_PATHS = "$(inherited) @executable_path/Frameworks @loader_path/Frameworks";
				PRODUCT_BUNDLE_IDENTIFIER = "org.ldscd.Calling-WorkflowUITests";
				PRODUCT_NAME = "$(TARGET_NAME)";
				SWIFT_VERSION = 3.0;
				TEST_TARGET_NAME = "Calling Workflow";
			};
			name = Debug;
		};
		3CE4C9011DCA824100AAFB31 /* Release */ = {
			isa = XCBuildConfiguration;
			baseConfigurationReference = 6D38D054678C0286D5B46AE4 /* Pods-Calling WorkflowUITests.release.xcconfig */;
			buildSettings = {
				ALWAYS_EMBED_SWIFT_STANDARD_LIBRARIES = "$(inherited)";
				DEVELOPMENT_TEAM = 42MR5LM3U2;
				INFOPLIST_FILE = "Calling WorkflowUITests/Info.plist";
				LD_RUNPATH_SEARCH_PATHS = "$(inherited) @executable_path/Frameworks @loader_path/Frameworks";
				PRODUCT_BUNDLE_IDENTIFIER = "org.ldscd.Calling-WorkflowUITests";
				PRODUCT_NAME = "$(TARGET_NAME)";
				SWIFT_VERSION = 3.0;
				TEST_TARGET_NAME = "Calling Workflow";
			};
			name = Release;
		};
/* End XCBuildConfiguration section */

/* Begin XCConfigurationList section */
		3CE4C8CA1DCA824100AAFB31 /* Build configuration list for PBXProject "Calling Workflow" */ = {
			isa = XCConfigurationList;
			buildConfigurations = (
				3CE4C8F71DCA824100AAFB31 /* Debug */,
				3CE4C8F81DCA824100AAFB31 /* Release */,
			);
			defaultConfigurationIsVisible = 0;
			defaultConfigurationName = Release;
		};
		3CE4C8F91DCA824100AAFB31 /* Build configuration list for PBXNativeTarget "Calling Workflow" */ = {
			isa = XCConfigurationList;
			buildConfigurations = (
				3CE4C8FA1DCA824100AAFB31 /* Debug */,
				3CE4C8FB1DCA824100AAFB31 /* Release */,
			);
			defaultConfigurationIsVisible = 0;
			defaultConfigurationName = Release;
		};
		3CE4C8FC1DCA824100AAFB31 /* Build configuration list for PBXNativeTarget "Calling WorkflowTests" */ = {
			isa = XCConfigurationList;
			buildConfigurations = (
				3CE4C8FD1DCA824100AAFB31 /* Debug */,
				3CE4C8FE1DCA824100AAFB31 /* Release */,
			);
			defaultConfigurationIsVisible = 0;
			defaultConfigurationName = Release;
		};
		3CE4C8FF1DCA824100AAFB31 /* Build configuration list for PBXNativeTarget "Calling WorkflowUITests" */ = {
			isa = XCConfigurationList;
			buildConfigurations = (
				3CE4C9001DCA824100AAFB31 /* Debug */,
				3CE4C9011DCA824100AAFB31 /* Release */,
			);
			defaultConfigurationIsVisible = 0;
			defaultConfigurationName = Release;
		};
/* End XCConfigurationList section */
	};
	rootObject = 3CE4C8C71DCA824100AAFB31 /* Project object */;
}
